// !$*UTF8*$!
{
	archiveVersion = 1;
	classes = {
	};
	objectVersion = 55;
	objects = {

/* Begin PBXBuildFile section */
		4F786FD42EB8DB4A00FD9157 /* AppDelegate.swift in Sources */ = {isa = PBXBuildFile; fileRef = 4F786FD32EB8DB4A00FD9157 /* AppDelegate.swift */; };
		4F786FD62EB8DB4A00FD9157 /* SceneDelegate.swift in Sources */ = {isa = PBXBuildFile; fileRef = 4F786FD52EB8DB4A00FD9157 /* SceneDelegate.swift */; };
		4F786FD82EB8DB4A00FD9157 /* ViewController.swift in Sources */ = {isa = PBXBuildFile; fileRef = 4F786FD72EB8DB4A00FD9157 /* ViewController.swift */; };
		4F786FDB2EB8DB4A00FD9157 /* Main.storyboard in Resources */ = {isa = PBXBuildFile; fileRef = 4F786FD92EB8DB4A00FD9157 /* Main.storyboard */; };
		4F786FDE2EB8DB4A00FD9157 /* Shoppix.xcdatamodeld in Sources */ = {isa = PBXBuildFile; fileRef = 4F786FDC2EB8DB4A00FD9157 /* Shoppix.xcdatamodeld */; };
		4F786FE02EB8DB4F00FD9157 /* Assets.xcassets in Resources */ = {isa = PBXBuildFile; fileRef = 4F786FDF2EB8DB4F00FD9157 /* Assets.xcassets */; };
		4F786FE32EB8DB4F00FD9157 /* LaunchScreen.storyboard in Resources */ = {isa = PBXBuildFile; fileRef = 4F786FE12EB8DB4F00FD9157 /* LaunchScreen.storyboard */; };
		4F786FEE2EB8DB4F00FD9157 /* ShoppixTests.swift in Sources */ = {isa = PBXBuildFile; fileRef = 4F786FED2EB8DB4F00FD9157 /* ShoppixTests.swift */; };
		4F786FF82EB8DB5000FD9157 /* ShoppixUITests.swift in Sources */ = {isa = PBXBuildFile; fileRef = 4F786FF72EB8DB5000FD9157 /* ShoppixUITests.swift */; };
		4F786FFA2EB8DB5000FD9157 /* ShoppixUITestsLaunchTests.swift in Sources */ = {isa = PBXBuildFile; fileRef = 4F786FF92EB8DB5000FD9157 /* ShoppixUITestsLaunchTests.swift */; };
/* End PBXBuildFile section */

/* Begin PBXContainerItemProxy section */
		4F786FEA2EB8DB4F00FD9157 /* PBXContainerItemProxy */ = {
			isa = PBXContainerItemProxy;
			containerPortal = 4F786FC82EB8DB4A00FD9157 /* Project object */;
			proxyType = 1;
			remoteGlobalIDString = 4F786FCF2EB8DB4A00FD9157;
			remoteInfo = Shoppix;
		};
		4F786FF42EB8DB5000FD9157 /* PBXContainerItemProxy */ = {
			isa = PBXContainerItemProxy;
			containerPortal = 4F786FC82EB8DB4A00FD9157 /* Project object */;
			proxyType = 1;
			remoteGlobalIDString = 4F786FCF2EB8DB4A00FD9157;
			remoteInfo = Shoppix;
		};
/* End PBXContainerItemProxy section */

/* Begin PBXFileReference section */
		4F786FD02EB8DB4A00FD9157 /* Shoppix.app */ = {isa = PBXFileReference; explicitFileType = wrapper.application; includeInIndex = 0; path = Shoppix.app; sourceTree = BUILT_PRODUCTS_DIR; };
		4F786FD32EB8DB4A00FD9157 /* AppDelegate.swift */ = {isa = PBXFileReference; lastKnownFileType = sourcecode.swift; path = AppDelegate.swift; sourceTree = "<group>"; };
		4F786FD52EB8DB4A00FD9157 /* SceneDelegate.swift */ = {isa = PBXFileReference; lastKnownFileType = sourcecode.swift; path = SceneDelegate.swift; sourceTree = "<group>"; };
		4F786FD72EB8DB4A00FD9157 /* ViewController.swift */ = {isa = PBXFileReference; lastKnownFileType = sourcecode.swift; path = ViewController.swift; sourceTree = "<group>"; };
		4F786FDA2EB8DB4A00FD9157 /* Base */ = {isa = PBXFileReference; lastKnownFileType = file.storyboard; name = Base; path = Base.lproj/Main.storyboard; sourceTree = "<group>"; };
		4F786FDD2EB8DB4A00FD9157 /* Shoppix.xcdatamodel */ = {isa = PBXFileReference; lastKnownFileType = wrapper.xcdatamodel; path = Shoppix.xcdatamodel; sourceTree = "<group>"; };
		4F786FDF2EB8DB4F00FD9157 /* Assets.xcassets */ = {isa = PBXFileReference; lastKnownFileType = folder.assetcatalog; path = Assets.xcassets; sourceTree = "<group>"; };
		4F786FE22EB8DB4F00FD9157 /* Base */ = {isa = PBXFileReference; lastKnownFileType = file.storyboard; name = Base; path = Base.lproj/LaunchScreen.storyboard; sourceTree = "<group>"; };
		4F786FE42EB8DB4F00FD9157 /* Info.plist */ = {isa = PBXFileReference; lastKnownFileType = text.plist.xml; path = Info.plist; sourceTree = "<group>"; };
		4F786FE92EB8DB4F00FD9157 /* ShoppixTests.xctest */ = {isa = PBXFileReference; explicitFileType = wrapper.cfbundle; includeInIndex = 0; path = ShoppixTests.xctest; sourceTree = BUILT_PRODUCTS_DIR; };
		4F786FED2EB8DB4F00FD9157 /* ShoppixTests.swift */ = {isa = PBXFileReference; lastKnownFileType = sourcecode.swift; path = ShoppixTests.swift; sourceTree = "<group>"; };
		4F786FF32EB8DB4F00FD9157 /* ShoppixUITests.xctest */ = {isa = PBXFileReference; explicitFileType = wrapper.cfbundle; includeInIndex = 0; path = ShoppixUITests.xctest; sourceTree = BUILT_PRODUCTS_DIR; };
		4F786FF72EB8DB5000FD9157 /* ShoppixUITests.swift */ = {isa = PBXFileReference; lastKnownFileType = sourcecode.swift; path = ShoppixUITests.swift; sourceTree = "<group>"; };
		4F786FF92EB8DB5000FD9157 /* ShoppixUITestsLaunchTests.swift */ = {isa = PBXFileReference; lastKnownFileType = sourcecode.swift; path = ShoppixUITestsLaunchTests.swift; sourceTree = "<group>"; };
/* End PBXFileReference section */

/* Begin PBXFrameworksBuildPhase section */
		4F786FCD2EB8DB4A00FD9157 /* Frameworks */ = {
			isa = PBXFrameworksBuildPhase;
			buildActionMask = 2147483647;
			files = (
			);
			runOnlyForDeploymentPostprocessing = 0;
		};
		4F786FE62EB8DB4F00FD9157 /* Frameworks */ = {
			isa = PBXFrameworksBuildPhase;
			buildActionMask = 2147483647;
			files = (
			);
			runOnlyForDeploymentPostprocessing = 0;
		};
		4F786FF02EB8DB4F00FD9157 /* Frameworks */ = {
			isa = PBXFrameworksBuildPhase;
			buildActionMask = 2147483647;
			files = (
			);
			runOnlyForDeploymentPostprocessing = 0;
		};
/* End PBXFrameworksBuildPhase section */

/* Begin PBXGroup section */
		4F786FC72EB8DB4A00FD9157 = {
			isa = PBXGroup;
			children = (
				4F786FD22EB8DB4A00FD9157 /* Shoppix */,
				4F786FEC2EB8DB4F00FD9157 /* ShoppixTests */,
				4F786FF62EB8DB5000FD9157 /* ShoppixUITests */,
				4F786FD12EB8DB4A00FD9157 /* Products */,
			);
			sourceTree = "<group>";
		};
		4F786FD12EB8DB4A00FD9157 /* Products */ = {
			isa = PBXGroup;
			children = (
				4F786FD02EB8DB4A00FD9157 /* Shoppix.app */,
				4F786FE92EB8DB4F00FD9157 /* ShoppixTests.xctest */,
				4F786FF32EB8DB4F00FD9157 /* ShoppixUITests.xctest */,
			);
			name = Products;
			sourceTree = "<group>";
		};
		4F786FD22EB8DB4A00FD9157 /* Shoppix */ = {
			isa = PBXGroup;
			children = (
				4F786FD32EB8DB4A00FD9157 /* AppDelegate.swift */,
				4F786FD52EB8DB4A00FD9157 /* SceneDelegate.swift */,
				4F786FD72EB8DB4A00FD9157 /* ViewController.swift */,
				4F786FD92EB8DB4A00FD9157 /* Main.storyboard */,
				4F786FDF2EB8DB4F00FD9157 /* Assets.xcassets */,
				4F786FE12EB8DB4F00FD9157 /* LaunchScreen.storyboard */,
				4F786FE42EB8DB4F00FD9157 /* Info.plist */,
				4F786FDC2EB8DB4A00FD9157 /* Shoppix.xcdatamodeld */,
			);
			path = Shoppix;
			sourceTree = "<group>";
		};
		4F786FEC2EB8DB4F00FD9157 /* ShoppixTests */ = {
			isa = PBXGroup;
			children = (
				4F786FED2EB8DB4F00FD9157 /* ShoppixTests.swift */,
			);
			path = ShoppixTests;
			sourceTree = "<group>";
		};
		4F786FF62EB8DB5000FD9157 /* ShoppixUITests */ = {
			isa = PBXGroup;
			children = (
				4F786FF72EB8DB5000FD9157 /* ShoppixUITests.swift */,
				4F786FF92EB8DB5000FD9157 /* ShoppixUITestsLaunchTests.swift */,
			);
			path = ShoppixUITests;
			sourceTree = "<group>";
		};
/* End PBXGroup section */

/* Begin PBXNativeTarget section */
		4F786FCF2EB8DB4A00FD9157 /* Shoppix */ = {
			isa = PBXNativeTarget;
			buildConfigurationList = 4F786FFD2EB8DB5000FD9157 /* Build configuration list for PBXNativeTarget "Shoppix" */;
			buildPhases = (
				4F786FCC2EB8DB4A00FD9157 /* Sources */,
				4F786FCD2EB8DB4A00FD9157 /* Frameworks */,
				4F786FCE2EB8DB4A00FD9157 /* Resources */,
			);
			buildRules = (
			);
			dependencies = (
			);
			name = Shoppix;
			productName = Shoppix;
			productReference = 4F786FD02EB8DB4A00FD9157 /* Shoppix.app */;
			productType = "com.apple.product-type.application";
		};
		4F786FE82EB8DB4F00FD9157 /* ShoppixTests */ = {
			isa = PBXNativeTarget;
			buildConfigurationList = 4F7870002EB8DB5000FD9157 /* Build configuration list for PBXNativeTarget "ShoppixTests" */;
			buildPhases = (
				4F786FE52EB8DB4F00FD9157 /* Sources */,
				4F786FE62EB8DB4F00FD9157 /* Frameworks */,
				4F786FE72EB8DB4F00FD9157 /* Resources */,
			);
			buildRules = (
			);
			dependencies = (
				4F786FEB2EB8DB4F00FD9157 /* PBXTargetDependency */,
			);
			name = ShoppixTests;
			productName = ShoppixTests;
			productReference = 4F786FE92EB8DB4F00FD9157 /* ShoppixTests.xctest */;
			productType = "com.apple.product-type.bundle.unit-test";
		};
		4F786FF22EB8DB4F00FD9157 /* ShoppixUITests */ = {
			isa = PBXNativeTarget;
			buildConfigurationList = 4F7870032EB8DB5000FD9157 /* Build configuration list for PBXNativeTarget "ShoppixUITests" */;
			buildPhases = (
				4F786FEF2EB8DB4F00FD9157 /* Sources */,
				4F786FF02EB8DB4F00FD9157 /* Frameworks */,
				4F786FF12EB8DB4F00FD9157 /* Resources */,
			);
			buildRules = (
			);
			dependencies = (
				4F786FF52EB8DB5000FD9157 /* PBXTargetDependency */,
			);
			name = ShoppixUITests;
			productName = ShoppixUITests;
			productReference = 4F786FF32EB8DB4F00FD9157 /* ShoppixUITests.xctest */;
			productType = "com.apple.product-type.bundle.ui-testing";
		};
/* End PBXNativeTarget section */

/* Begin PBXProject section */
		4F786FC82EB8DB4A00FD9157 /* Project object */ = {
			isa = PBXProject;
			attributes = {
				BuildIndependentTargetsInParallel = 1;
				LastSwiftUpdateCheck = 1310;
				LastUpgradeCheck = 1310;
				TargetAttributes = {
					4F786FCF2EB8DB4A00FD9157 = {
						CreatedOnToolsVersion = 13.1;
					};
					4F786FE82EB8DB4F00FD9157 = {
						CreatedOnToolsVersion = 13.1;
						TestTargetID = 4F786FCF2EB8DB4A00FD9157;
					};
					4F786FF22EB8DB4F00FD9157 = {
						CreatedOnToolsVersion = 13.1;
						TestTargetID = 4F786FCF2EB8DB4A00FD9157;
					};
				};
			};
			buildConfigurationList = 4F786FCB2EB8DB4A00FD9157 /* Build configuration list for PBXProject "Shoppix" */;
			compatibilityVersion = "Xcode 13.0";
			developmentRegion = en;
			hasScannedForEncodings = 0;
			knownRegions = (
				en,
				Base,
			);
			mainGroup = 4F786FC72EB8DB4A00FD9157;
			productRefGroup = 4F786FD12EB8DB4A00FD9157 /* Products */;
			projectDirPath = "";
			projectRoot = "";
			targets = (
				4F786FCF2EB8DB4A00FD9157 /* Shoppix */,
				4F786FE82EB8DB4F00FD9157 /* ShoppixTests */,
				4F786FF22EB8DB4F00FD9157 /* ShoppixUITests */,
			);
		};
/* End PBXProject section */

/* Begin PBXResourcesBuildPhase section */
		4F786FCE2EB8DB4A00FD9157 /* Resources */ = {
			isa = PBXResourcesBuildPhase;
			buildActionMask = 2147483647;
			files = (
				4F786FE32EB8DB4F00FD9157 /* LaunchScreen.storyboard in Resources */,
				4F786FE02EB8DB4F00FD9157 /* Assets.xcassets in Resources */,
				4F786FDB2EB8DB4A00FD9157 /* Main.storyboard in Resources */,
			);
			runOnlyForDeploymentPostprocessing = 0;
		};
		4F786FE72EB8DB4F00FD9157 /* Resources */ = {
			isa = PBXResourcesBuildPhase;
			buildActionMask = 2147483647;
			files = (
			);
			runOnlyForDeploymentPostprocessing = 0;
		};
		4F786FF12EB8DB4F00FD9157 /* Resources */ = {
			isa = PBXResourcesBuildPhase;
			buildActionMask = 2147483647;
			files = (
			);
			runOnlyForDeploymentPostprocessing = 0;
		};
/* End PBXResourcesBuildPhase section */

/* Begin PBXSourcesBuildPhase section */
		4F786FCC2EB8DB4A00FD9157 /* Sources */ = {
			isa = PBXSourcesBuildPhase;
			buildActionMask = 2147483647;
			files = (
				4F786FD82EB8DB4A00FD9157 /* ViewController.swift in Sources */,
				4F786FD42EB8DB4A00FD9157 /* AppDelegate.swift in Sources */,
				4F786FD62EB8DB4A00FD9157 /* SceneDelegate.swift in Sources */,
				4F786FDE2EB8DB4A00FD9157 /* Shoppix.xcdatamodeld in Sources */,
			);
			runOnlyForDeploymentPostprocessing = 0;
		};
		4F786FE52EB8DB4F00FD9157 /* Sources */ = {
			isa = PBXSourcesBuildPhase;
			buildActionMask = 2147483647;
			files = (
				4F786FEE2EB8DB4F00FD9157 /* ShoppixTests.swift in Sources */,
			);
			runOnlyForDeploymentPostprocessing = 0;
		};
		4F786FEF2EB8DB4F00FD9157 /* Sources */ = {
			isa = PBXSourcesBuildPhase;
			buildActionMask = 2147483647;
			files = (
				4F786FFA2EB8DB5000FD9157 /* ShoppixUITestsLaunchTests.swift in Sources */,
				4F786FF82EB8DB5000FD9157 /* ShoppixUITests.swift in Sources */,
			);
			runOnlyForDeploymentPostprocessing = 0;
		};
/* End PBXSourcesBuildPhase section */

/* Begin PBXTargetDependency section */
		4F786FEB2EB8DB4F00FD9157 /* PBXTargetDependency */ = {
			isa = PBXTargetDependency;
			target = 4F786FCF2EB8DB4A00FD9157 /* Shoppix */;
			targetProxy = 4F786FEA2EB8DB4F00FD9157 /* PBXContainerItemProxy */;
		};
		4F786FF52EB8DB5000FD9157 /* PBXTargetDependency */ = {
			isa = PBXTargetDependency;
			target = 4F786FCF2EB8DB4A00FD9157 /* Shoppix */;
			targetProxy = 4F786FF42EB8DB5000FD9157 /* PBXContainerItemProxy */;
		};
/* End PBXTargetDependency section */

/* Begin PBXVariantGroup section */
		4F786FD92EB8DB4A00FD9157 /* Main.storyboard */ = {
			isa = PBXVariantGroup;
			children = (
				4F786FDA2EB8DB4A00FD9157 /* Base */,
			);
			name = Main.storyboard;
			sourceTree = "<group>";
		};
		4F786FE12EB8DB4F00FD9157 /* LaunchScreen.storyboard */ = {
			isa = PBXVariantGroup;
			children = (
				4F786FE22EB8DB4F00FD9157 /* Base */,
			);
			name = LaunchScreen.storyboard;
			sourceTree = "<group>";
		};
/* End PBXVariantGroup section */

/* Begin XCBuildConfiguration section */
		4F786FFB2EB8DB5000FD9157 /* Debug */ = {
			isa = XCBuildConfiguration;
			buildSettings = {
				ALWAYS_SEARCH_USER_PATHS = NO;
				CLANG_ANALYZER_NONNULL = YES;
				CLANG_ANALYZER_NUMBER_OBJECT_CONVERSION = YES_AGGRESSIVE;
				CLANG_CXX_LANGUAGE_STANDARD = "gnu++17";
				CLANG_CXX_LIBRARY = "libc++";
				CLANG_ENABLE_MODULES = YES;
				CLANG_ENABLE_OBJC_ARC = YES;
				CLANG_ENABLE_OBJC_WEAK = YES;
				CLANG_WARN_BLOCK_CAPTURE_AUTORELEASING = YES;
				CLANG_WARN_BOOL_CONVERSION = YES;
				CLANG_WARN_COMMA = YES;
				CLANG_WARN_CONSTANT_CONVERSION = YES;
				CLANG_WARN_DEPRECATED_OBJC_IMPLEMENTATIONS = YES;
				CLANG_WARN_DIRECT_OBJC_ISA_USAGE = YES_ERROR;
				CLANG_WARN_DOCUMENTATION_COMMENTS = YES;
				CLANG_WARN_EMPTY_BODY = YES;
				CLANG_WARN_ENUM_CONVERSION = YES;
				CLANG_WARN_INFINITE_RECURSION = YES;
				CLANG_WARN_INT_CONVERSION = YES;
				CLANG_WARN_NON_LITERAL_NULL_CONVERSION = YES;
				CLANG_WARN_OBJC_IMPLICIT_RETAIN_SELF = YES;
				CLANG_WARN_OBJC_LITERAL_CONVERSION = YES;
				CLANG_WARN_OBJC_ROOT_CLASS = YES_ERROR;
				CLANG_WARN_QUOTED_INCLUDE_IN_FRAMEWORK_HEADER = YES;
				CLANG_WARN_RANGE_LOOP_ANALYSIS = YES;
				CLANG_WARN_STRICT_PROTOTYPES = YES;
				CLANG_WARN_SUSPICIOUS_MOVE = YES;
				CLANG_WARN_UNGUARDED_AVAILABILITY = YES_AGGRESSIVE;
				CLANG_WARN_UNREACHABLE_CODE = YES;
				CLANG_WARN__DUPLICATE_METHOD_MATCH = YES;
				COPY_PHASE_STRIP = NO;
				DEBUG_INFORMATION_FORMAT = dwarf;
				ENABLE_STRICT_OBJC_MSGSEND = YES;
				ENABLE_TESTABILITY = YES;
				GCC_C_LANGUAGE_STANDARD = gnu11;
				GCC_DYNAMIC_NO_PIC = NO;
				GCC_NO_COMMON_BLOCKS = YES;
				GCC_OPTIMIZATION_LEVEL = 0;
				GCC_PREPROCESSOR_DEFINITIONS = (
					"DEBUG=1",
					"$(inherited)",
				);
				GCC_WARN_64_TO_32_BIT_CONVERSION = YES;
				GCC_WARN_ABOUT_RETURN_TYPE = YES_ERROR;
				GCC_WARN_UNDECLARED_SELECTOR = YES;
				GCC_WARN_UNINITIALIZED_AUTOS = YES_AGGRESSIVE;
				GCC_WARN_UNUSED_FUNCTION = YES;
				GCC_WARN_UNUSED_VARIABLE = YES;
				IPHONEOS_DEPLOYMENT_TARGET = 15.0;
				MTL_ENABLE_DEBUG_INFO = INCLUDE_SOURCE;
				MTL_FAST_MATH = YES;
				ONLY_ACTIVE_ARCH = YES;
				SDKROOT = iphoneos;
				SWIFT_ACTIVE_COMPILATION_CONDITIONS = DEBUG;
				SWIFT_OPTIMIZATION_LEVEL = "-Onone";
			};
			name = Debug;
		};
		4F786FFC2EB8DB5000FD9157 /* Release */ = {
			isa = XCBuildConfiguration;
			buildSettings = {
				ALWAYS_SEARCH_USER_PATHS = NO;
				CLANG_ANALYZER_NONNULL = YES;
				CLANG_ANALYZER_NUMBER_OBJECT_CONVERSION = YES_AGGRESSIVE;
				CLANG_CXX_LANGUAGE_STANDARD = "gnu++17";
				CLANG_CXX_LIBRARY = "libc++";
				CLANG_ENABLE_MODULES = YES;
				CLANG_ENABLE_OBJC_ARC = YES;
				CLANG_ENABLE_OBJC_WEAK = YES;
				CLANG_WARN_BLOCK_CAPTURE_AUTORELEASING = YES;
				CLANG_WARN_BOOL_CONVERSION = YES;
				CLANG_WARN_COMMA = YES;
				CLANG_WARN_CONSTANT_CONVERSION = YES;
				CLANG_WARN_DEPRECATED_OBJC_IMPLEMENTATIONS = YES;
				CLANG_WARN_DIRECT_OBJC_ISA_USAGE = YES_ERROR;
				CLANG_WARN_DOCUMENTATION_COMMENTS = YES;
				CLANG_WARN_EMPTY_BODY = YES;
				CLANG_WARN_ENUM_CONVERSION = YES;
				CLANG_WARN_INFINITE_RECURSION = YES;
				CLANG_WARN_INT_CONVERSION = YES;
				CLANG_WARN_NON_LITERAL_NULL_CONVERSION = YES;
				CLANG_WARN_OBJC_IMPLICIT_RETAIN_SELF = YES;
				CLANG_WARN_OBJC_LITERAL_CONVERSION = YES;
				CLANG_WARN_OBJC_ROOT_CLASS = YES_ERROR;
				CLANG_WARN_QUOTED_INCLUDE_IN_FRAMEWORK_HEADER = YES;
				CLANG_WARN_RANGE_LOOP_ANALYSIS = YES;
				CLANG_WARN_STRICT_PROTOTYPES = YES;
				CLANG_WARN_SUSPICIOUS_MOVE = YES;
				CLANG_WARN_UNGUARDED_AVAILABILITY = YES_AGGRESSIVE;
				CLANG_WARN_UNREACHABLE_CODE = YES;
				CLANG_WARN__DUPLICATE_METHOD_MATCH = YES;
				COPY_PHASE_STRIP = NO;
				DEBUG_INFORMATION_FORMAT = "dwarf-with-dsym";
				ENABLE_NS_ASSERTIONS = NO;
				ENABLE_STRICT_OBJC_MSGSEND = YES;
				GCC_C_LANGUAGE_STANDARD = gnu11;
				GCC_NO_COMMON_BLOCKS = YES;
				GCC_WARN_64_TO_32_BIT_CONVERSION = YES;
				GCC_WARN_ABOUT_RETURN_TYPE = YES_ERROR;
				GCC_WARN_UNDECLARED_SELECTOR = YES;
				GCC_WARN_UNINITIALIZED_AUTOS = YES_AGGRESSIVE;
				GCC_WARN_UNUSED_FUNCTION = YES;
				GCC_WARN_UNUSED_VARIABLE = YES;
				IPHONEOS_DEPLOYMENT_TARGET = 15.0;
				MTL_ENABLE_DEBUG_INFO = NO;
				MTL_FAST_MATH = YES;
				SDKROOT = iphoneos;
				SWIFT_COMPILATION_MODE = wholemodule;
				SWIFT_OPTIMIZATION_LEVEL = "-O";
				VALIDATE_PRODUCT = YES;
			};
			name = Release;
		};
		4F786FFE2EB8DB5000FD9157 /* Debug */ = {
			isa = XCBuildConfiguration;
			buildSettings = {
				ASSETCATALOG_COMPILER_APPICON_NAME = AppIcon;
				ASSETCATALOG_COMPILER_GLOBAL_ACCENT_COLOR_NAME = AccentColor;
				CODE_SIGN_STYLE = Automatic;
				CURRENT_PROJECT_VERSION = 1;
				DEVELOPMENT_TEAM = 25WP27S325;
				GENERATE_INFOPLIST_FILE = YES;
				INFOPLIST_FILE = Shoppix/Info.plist;
				INFOPLIST_KEY_UIApplicationSupportsIndirectInputEvents = YES;
				INFOPLIST_KEY_UILaunchStoryboardName = LaunchScreen;
				INFOPLIST_KEY_UIMainStoryboardFile = Main;
				INFOPLIST_KEY_UISupportedInterfaceOrientations_iPad = "UIInterfaceOrientationPortrait UIInterfaceOrientationPortraitUpsideDown UIInterfaceOrientationLandscapeLeft UIInterfaceOrientationLandscapeRight";
				INFOPLIST_KEY_UISupportedInterfaceOrientations_iPhone = "UIInterfaceOrientationPortrait UIInterfaceOrientationLandscapeLeft UIInterfaceOrientationLandscapeRight";
				LD_RUNPATH_SEARCH_PATHS = (
					"$(inherited)",
					"@executable_path/Frameworks",
				);
				MARKETING_VERSION = 1.0;
				PRODUCT_BUNDLE_IDENTIFIER = "adham-ragap.Shoppix";
				PRODUCT_NAME = "$(TARGET_NAME)";
				SWIFT_EMIT_LOC_STRINGS = YES;
				SWIFT_VERSION = 5.0;
				TARGETED_DEVICE_FAMILY = "1,2";
			};
			name = Debug;
		};
		4F786FFF2EB8DB5000FD9157 /* Release */ = {
			isa = XCBuildConfiguration;
			buildSettings = {
				ASSETCATALOG_COMPILER_APPICON_NAME = AppIcon;
				ASSETCATALOG_COMPILER_GLOBAL_ACCENT_COLOR_NAME = AccentColor;
				CODE_SIGN_STYLE = Automatic;
				CURRENT_PROJECT_VERSION = 1;
				DEVELOPMENT_TEAM = 25WP27S325;
				GENERATE_INFOPLIST_FILE = YES;
				INFOPLIST_FILE = Shoppix/Info.plist;
				INFOPLIST_KEY_UIApplicationSupportsIndirectInputEvents = YES;
				INFOPLIST_KEY_UILaunchStoryboardName = LaunchScreen;
				INFOPLIST_KEY_UIMainStoryboardFile = Main;
				INFOPLIST_KEY_UISupportedInterfaceOrientations_iPad = "UIInterfaceOrientationPortrait UIInterfaceOrientationPortraitUpsideDown UIInterfaceOrientationLandscapeLeft UIInterfaceOrientationLandscapeRight";
				INFOPLIST_KEY_UISupportedInterfaceOrientations_iPhone = "UIInterfaceOrientationPortrait UIInterfaceOrientationLandscapeLeft UIInterfaceOrientationLandscapeRight";
				LD_RUNPATH_SEARCH_PATHS = (
					"$(inherited)",
					"@executable_path/Frameworks",
				);
				MARKETING_VERSION = 1.0;
				PRODUCT_BUNDLE_IDENTIFIER = "adham-ragap.Shoppix";
				PRODUCT_NAME = "$(TARGET_NAME)";
				SWIFT_EMIT_LOC_STRINGS = YES;
				SWIFT_VERSION = 5.0;
				TARGETED_DEVICE_FAMILY = "1,2";
			};
			name = Release;
		};
		4F7870012EB8DB5000FD9157 /* Debug */ = {
			isa = XCBuildConfiguration;
			buildSettings = {
				ALWAYS_EMBED_SWIFT_STANDARD_LIBRARIES = YES;
				BUNDLE_LOADER = "$(TEST_HOST)";
				CODE_SIGN_STYLE = Automatic;
				CURRENT_PROJECT_VERSION = 1;
				DEVELOPMENT_TEAM = 25WP27S325;
				GENERATE_INFOPLIST_FILE = YES;
				IPHONEOS_DEPLOYMENT_TARGET = 15.0;
				LD_RUNPATH_SEARCH_PATHS = (
					"$(inherited)",
					"@executable_path/Frameworks",
					"@loader_path/Frameworks",
				);
				MARKETING_VERSION = 1.0;
				PRODUCT_BUNDLE_IDENTIFIER = "adham-ragap.ShoppixTests";
				PRODUCT_NAME = "$(TARGET_NAME)";
				SWIFT_EMIT_LOC_STRINGS = NO;
				SWIFT_VERSION = 5.0;
				TARGETED_DEVICE_FAMILY = "1,2";
				TEST_HOST = "$(BUILT_PRODUCTS_DIR)/Shoppix.app/Shoppix";
			};
			name = Debug;
		};
		4F7870022EB8DB5000FD9157 /* Release */ = {
			isa = XCBuildConfiguration;
			buildSettings = {
				ALWAYS_EMBED_SWIFT_STANDARD_LIBRARIES = YES;
				BUNDLE_LOADER = "$(TEST_HOST)";
				CODE_SIGN_STYLE = Automatic;
				CURRENT_PROJECT_VERSION = 1;
				DEVELOPMENT_TEAM = 25WP27S325;
				GENERATE_INFOPLIST_FILE = YES;
				IPHONEOS_DEPLOYMENT_TARGET = 15.0;
				LD_RUNPATH_SEARCH_PATHS = (
					"$(inherited)",
					"@executable_path/Frameworks",
					"@loader_path/Frameworks",
				);
				MARKETING_VERSION = 1.0;
				PRODUCT_BUNDLE_IDENTIFIER = "adham-ragap.ShoppixTests";
				PRODUCT_NAME = "$(TARGET_NAME)";
				SWIFT_EMIT_LOC_STRINGS = NO;
				SWIFT_VERSION = 5.0;
				TARGETED_DEVICE_FAMILY = "1,2";
				TEST_HOST = "$(BUILT_PRODUCTS_DIR)/Shoppix.app/Shoppix";
			};
			name = Release;
		};
		4F7870042EB8DB5000FD9157 /* Debug */ = {
			isa = XCBuildConfiguration;
			buildSettings = {
				ALWAYS_EMBED_SWIFT_STANDARD_LIBRARIES = YES;
				CODE_SIGN_STYLE = Automatic;
				CURRENT_PROJECT_VERSION = 1;
				DEVELOPMENT_TEAM = 25WP27S325;
				GENERATE_INFOPLIST_FILE = YES;
				LD_RUNPATH_SEARCH_PATHS = (
					"$(inherited)",
					"@executable_path/Frameworks",
					"@loader_path/Frameworks",
				);
				MARKETING_VERSION = 1.0;
				PRODUCT_BUNDLE_IDENTIFIER = "adham-ragap.ShoppixUITests";
				PRODUCT_NAME = "$(TARGET_NAME)";
				SWIFT_EMIT_LOC_STRINGS = NO;
				SWIFT_VERSION = 5.0;
				TARGETED_DEVICE_FAMILY = "1,2";
				TEST_TARGET_NAME = Shoppix;
			};
			name = Debug;
		};
		4F7870052EB8DB5000FD9157 /* Release */ = {
			isa = XCBuildConfiguration;
			buildSettings = {
				ALWAYS_EMBED_SWIFT_STANDARD_LIBRARIES = YES;
				CODE_SIGN_STYLE = Automatic;
				CURRENT_PROJECT_VERSION = 1;
				DEVELOPMENT_TEAM = 25WP27S325;
				GENERATE_INFOPLIST_FILE = YES;
				LD_RUNPATH_SEARCH_PATHS = (
					"$(inherited)",
					"@executable_path/Frameworks",
					"@loader_path/Frameworks",
				);
				MARKETING_VERSION = 1.0;
				PRODUCT_BUNDLE_IDENTIFIER = "adham-ragap.ShoppixUITests";
				PRODUCT_NAME = "$(TARGET_NAME)";
				SWIFT_EMIT_LOC_STRINGS = NO;
				SWIFT_VERSION = 5.0;
				TARGETED_DEVICE_FAMILY = "1,2";
				TEST_TARGET_NAME = Shoppix;
			};
			name = Release;
		};
/* End XCBuildConfiguration section */

/* Begin XCConfigurationList section */
		4F786FCB2EB8DB4A00FD9157 /* Build configuration list for PBXProject "Shoppix" */ = {
			isa = XCConfigurationList;
			buildConfigurations = (
				4F786FFB2EB8DB5000FD9157 /* Debug */,
				4F786FFC2EB8DB5000FD9157 /* Release */,
			);
			defaultConfigurationIsVisible = 0;
			defaultConfigurationName = Release;
		};
		4F786FFD2EB8DB5000FD9157 /* Build configuration list for PBXNativeTarget "Shoppix" */ = {
			isa = XCConfigurationList;
			buildConfigurations = (
				4F786FFE2EB8DB5000FD9157 /* Debug */,
				4F786FFF2EB8DB5000FD9157 /* Release */,
			);
			defaultConfigurationIsVisible = 0;
			defaultConfigurationName = Release;
		};
		4F7870002EB8DB5000FD9157 /* Build configuration list for PBXNativeTarget "ShoppixTests" */ = {
			isa = XCConfigurationList;
			buildConfigurations = (
				4F7870012EB8DB5000FD9157 /* Debug */,
				4F7870022EB8DB5000FD9157 /* Release */,
			);
			defaultConfigurationIsVisible = 0;
			defaultConfigurationName = Release;
		};
		4F7870032EB8DB5000FD9157 /* Build configuration list for PBXNativeTarget "ShoppixUITests" */ = {
			isa = XCConfigurationList;
			buildConfigurations = (
				4F7870042EB8DB5000FD9157 /* Debug */,
				4F7870052EB8DB5000FD9157 /* Release */,
			);
			defaultConfigurationIsVisible = 0;
			defaultConfigurationName = Release;
		};
/* End XCConfigurationList section */

/* Begin XCVersionGroup section */
		4F786FDC2EB8DB4A00FD9157 /* Shoppix.xcdatamodeld */ = {
			isa = XCVersionGroup;
			children = (
				4F786FDD2EB8DB4A00FD9157 /* Shoppix.xcdatamodel */,
			);
			currentVersion = 4F786FDD2EB8DB4A00FD9157 /* Shoppix.xcdatamodel */;
			path = Shoppix.xcdatamodeld;
			sourceTree = "<group>";
			versionGroupType = wrapper.xcdatamodel;
		};
/* End XCVersionGroup section */
	};
	rootObject = 4F786FC82EB8DB4A00FD9157 /* Project object */;
}
