// !$*UTF8*$!
{
	archiveVersion = 1;
	classes = {
	};
	objectVersion = 55;
	objects = {

/* Begin PBXBuildFile section */
		4F786FD82EB8DB4A00FD9157 /* ViewController.swift in Sources */ = {isa = PBXBuildFile; fileRef = 4F786FD72EB8DB4A00FD9157 /* ViewController.swift */; };
		4F786FDE2EB8DB4A00FD9157 /* Shoppix.xcdatamodeld in Sources */ = {isa = PBXBuildFile; fileRef = 4F786FDC2EB8DB4A00FD9157 /* Shoppix.xcdatamodeld */; };
		4F786FE02EB8DB4F00FD9157 /* Assets.xcassets in Resources */ = {isa = PBXBuildFile; fileRef = 4F786FDF2EB8DB4F00FD9157 /* Assets.xcassets */; };
		4F786FEE2EB8DB4F00FD9157 /* ShoppixTests.swift in Sources */ = {isa = PBXBuildFile; fileRef = 4F786FED2EB8DB4F00FD9157 /* ShoppixTests.swift */; };
		4F786FF82EB8DB5000FD9157 /* ShoppixUITests.swift in Sources */ = {isa = PBXBuildFile; fileRef = 4F786FF72EB8DB5000FD9157 /* ShoppixUITests.swift */; };
		4F786FFA2EB8DB5000FD9157 /* ShoppixUITestsLaunchTests.swift in Sources */ = {isa = PBXBuildFile; fileRef = 4F786FF92EB8DB5000FD9157 /* ShoppixUITestsLaunchTests.swift */; };
		4F7870162EB8F8AC00FD9157 /* LandSceenViewController.swift in Sources */ = {isa = PBXBuildFile; fileRef = 4F7870142EB8F8AC00FD9157 /* LandSceenViewController.swift */; };
		4F7870172EB8F8AC00FD9157 /* LandSceenViewController.xib in Resources */ = {isa = PBXBuildFile; fileRef = 4F7870152EB8F8AC00FD9157 /* LandSceenViewController.xib */; };
		4F78701B2EB8FC0A00FD9157 /* GauestOrUserViewController.swift in Sources */ = {isa = PBXBuildFile; fileRef = 4F7870192EB8FC0A00FD9157 /* GauestOrUserViewController.swift */; };
		4F78701C2EB8FC0A00FD9157 /* GauestOrUserViewController.xib in Resources */ = {isa = PBXBuildFile; fileRef = 4F78701A2EB8FC0A00FD9157 /* GauestOrUserViewController.xib */; };
		4F7870202EB903CE00FD9157 /* HomeTabBarViewController.swift in Sources */ = {isa = PBXBuildFile; fileRef = 4F78701F2EB903CE00FD9157 /* HomeTabBarViewController.swift */; };
		4F7870292EB9041300FD9157 /* SmartCollectionModel.swift in Sources */ = {isa = PBXBuildFile; fileRef = 4F7870232EB9041300FD9157 /* SmartCollectionModel.swift */; };
		4F78702A2EB9041300FD9157 /* HomeViewController.xib in Resources */ = {isa = PBXBuildFile; fileRef = 4F7870252EB9041300FD9157 /* HomeViewController.xib */; };
		4F78702B2EB9041300FD9157 /* HomeViewController.swift in Sources */ = {isa = PBXBuildFile; fileRef = 4F7870262EB9041300FD9157 /* HomeViewController.swift */; };
		4F78702C2EB9041300FD9157 /* HomeViewModel.swift in Sources */ = {isa = PBXBuildFile; fileRef = 4F7870282EB9041300FD9157 /* HomeViewModel.swift */; };
		4F78702F2EB9056700FD9157 /* SDWebImage in Frameworks */ = {isa = PBXBuildFile; productRef = 4F78702E2EB9056700FD9157 /* SDWebImage */; };
		68B38070594FEEFD4FA02201 /* Pods_Shoppix_ShoppixUITests.framework in Frameworks */ = {isa = PBXBuildFile; fileRef = 332912C87E90C7DF052B9118 /* Pods_Shoppix_ShoppixUITests.framework */; };
		821C4394C82B7631462DDA1A /* Pods_ShoppixTests.framework in Frameworks */ = {isa = PBXBuildFile; fileRef = 3B682D27E7B00921FA9ADF68 /* Pods_ShoppixTests.framework */; };
		A760A74981999E76A328479D /* Pods_Shoppix.framework in Frameworks */ = {isa = PBXBuildFile; fileRef = 603011A66045CE00BD905AA5 /* Pods_Shoppix.framework */; };
		AA5DEFFF2EBAE61800E72FB2 /* ProductCollectionViewCell.swift in Sources */ = {isa = PBXBuildFile; fileRef = AA5DEFFC2EBAE61700E72FB2 /* ProductCollectionViewCell.swift */; };
		AA5DF0002EBAE61800E72FB2 /* ProductCollectionViewCell.xib in Resources */ = {isa = PBXBuildFile; fileRef = AA5DEFFD2EBAE61700E72FB2 /* ProductCollectionViewCell.xib */; };
		AA5DF0072EBAE85300E72FB2 /* OrdersTableViewCell.swift in Sources */ = {isa = PBXBuildFile; fileRef = AA5DF0012EBAE85300E72FB2 /* OrdersTableViewCell.swift */; };
		AA5DF0082EBAE85300E72FB2 /* OrdersTableViewCell.xib in Resources */ = {isa = PBXBuildFile; fileRef = AA5DF0022EBAE85300E72FB2 /* OrdersTableViewCell.xib */; };
		AA5DF0092EBAE85300E72FB2 /* ProfileViewController.swift in Sources */ = {isa = PBXBuildFile; fileRef = AA5DF0042EBAE85300E72FB2 /* ProfileViewController.swift */; };
		AA5DF00A2EBAE85300E72FB2 /* ProfileViewController.xib in Resources */ = {isa = PBXBuildFile; fileRef = AA5DF0052EBAE85300E72FB2 /* ProfileViewController.xib */; };
		AAE5B7842EBA4B1000789A4A /* CheckInternet.swift in Sources */ = {isa = PBXBuildFile; fileRef = AAE5B77F2EBA4B1000789A4A /* CheckInternet.swift */; };
		AAE5B7852EBA4B1000789A4A /* Session.swift in Sources */ = {isa = PBXBuildFile; fileRef = AAE5B7802EBA4B1000789A4A /* Session.swift */; };
		AAE5B7862EBA4B1000789A4A /* Extension.swift in Sources */ = {isa = PBXBuildFile; fileRef = AAE5B7812EBA4B1000789A4A /* Extension.swift */; };
		AAE5B7872EBA4B1000789A4A /* NetworkManager.swift in Sources */ = {isa = PBXBuildFile; fileRef = AAE5B7822EBA4B1000789A4A /* NetworkManager.swift */; };
		AAE5B7882EBA4B1000789A4A /* GoogleService-Info.plist in Resources */ = {isa = PBXBuildFile; fileRef = AAE5B7832EBA4B1000789A4A /* GoogleService-Info.plist */; };
		AAE5B7AC2EBA4B2D00789A4A /* FavoriteViewController.swift in Sources */ = {isa = PBXBuildFile; fileRef = AAE5B7892EBA4B2D00789A4A /* FavoriteViewController.swift */; };
		AAE5B7AD2EBA4B2D00789A4A /* FavoriteViewController.xib in Resources */ = {isa = PBXBuildFile; fileRef = AAE5B78A2EBA4B2D00789A4A /* FavoriteViewController.xib */; };
		AAE5B7AE2EBA4B2D00789A4A /* LoginViewController.swift in Sources */ = {isa = PBXBuildFile; fileRef = AAE5B78C2EBA4B2D00789A4A /* LoginViewController.swift */; };
		AAE5B7AF2EBA4B2D00789A4A /* LoginViewController.xib in Resources */ = {isa = PBXBuildFile; fileRef = AAE5B78D2EBA4B2D00789A4A /* LoginViewController.xib */; };
		AAE5B7B02EBA4B2D00789A4A /* ProductImageCollectionViewCell.swift in Sources */ = {isa = PBXBuildFile; fileRef = AAE5B78F2EBA4B2D00789A4A /* ProductImageCollectionViewCell.swift */; };
		AAE5B7B12EBA4B2D00789A4A /* ProductImageCollectionViewCell.xib in Resources */ = {isa = PBXBuildFile; fileRef = AAE5B7902EBA4B2D00789A4A /* ProductImageCollectionViewCell.xib */; };
		AAE5B7B22EBA4B2D00789A4A /* ProductDetailsViewController.swift in Sources */ = {isa = PBXBuildFile; fileRef = AAE5B7922EBA4B2D00789A4A /* ProductDetailsViewController.swift */; };
		AAE5B7B32EBA4B2D00789A4A /* ProductDetailsViewController.xib in Resources */ = {isa = PBXBuildFile; fileRef = AAE5B7932EBA4B2D00789A4A /* ProductDetailsViewController.xib */; };
		AAE5B7B42EBA4B2D00789A4A /* ProductDetailViewModel.swift in Sources */ = {isa = PBXBuildFile; fileRef = AAE5B7952EBA4B2D00789A4A /* ProductDetailViewModel.swift */; };
		AAE5B7B52EBA4B2D00789A4A /* ForgetBassViewController.swift in Sources */ = {isa = PBXBuildFile; fileRef = AAE5B7982EBA4B2D00789A4A /* ForgetBassViewController.swift */; };
		AAE5B7B62EBA4B2D00789A4A /* ForgetBassViewController.xib in Resources */ = {isa = PBXBuildFile; fileRef = AAE5B7992EBA4B2D00789A4A /* ForgetBassViewController.xib */; };
		AAE5B7B72EBA4B2D00789A4A /* SignUpViewController.swift in Sources */ = {isa = PBXBuildFile; fileRef = AAE5B79B2EBA4B2D00789A4A /* SignUpViewController.swift */; };
		AAE5B7B82EBA4B2D00789A4A /* SignUpViewController.xib in Resources */ = {isa = PBXBuildFile; fileRef = AAE5B79C2EBA4B2D00789A4A /* SignUpViewController.xib */; };
		AAE5B7B92EBA4B2D00789A4A /* ProductModel.swift in Sources */ = {isa = PBXBuildFile; fileRef = AAE5B79E2EBA4B2D00789A4A /* ProductModel.swift */; };
		AAE5B7BA2EBA4B2D00789A4A /* ProductsViewController.swift in Sources */ = {isa = PBXBuildFile; fileRef = AAE5B7A02EBA4B2D00789A4A /* ProductsViewController.swift */; };
		AAE5B7BB2EBA4B2D00789A4A /* ProductsViewController.xib in Resources */ = {isa = PBXBuildFile; fileRef = AAE5B7A12EBA4B2D00789A4A /* ProductsViewController.xib */; };
		AAE5B7BC2EBA4B2D00789A4A /* ProductViewModel.swift in Sources */ = {isa = PBXBuildFile; fileRef = AAE5B7A32EBA4B2D00789A4A /* ProductViewModel.swift */; };
		AAE5B7BD2EBA4B2D00789A4A /* ReviewCellTableViewCell.swift in Sources */ = {isa = PBXBuildFile; fileRef = AAE5B7A62EBA4B2D00789A4A /* ReviewCellTableViewCell.swift */; };
		AAE5B7BE2EBA4B2D00789A4A /* ReviewCellTableViewCell.xib in Resources */ = {isa = PBXBuildFile; fileRef = AAE5B7A72EBA4B2D00789A4A /* ReviewCellTableViewCell.xib */; };
		AAE5B7BF2EBA4B2D00789A4A /* ReviewsViewController.swift in Sources */ = {isa = PBXBuildFile; fileRef = AAE5B7A92EBA4B2D00789A4A /* ReviewsViewController.swift */; };
		AAE5B7C02EBA4B2D00789A4A /* ReviewsViewController.xib in Resources */ = {isa = PBXBuildFile; fileRef = AAE5B7AA2EBA4B2D00789A4A /* ReviewsViewController.xib */; };
		AAE5B7DC2EBA4C3500789A4A /* AboutUsViewController.swift in Sources */ = {isa = PBXBuildFile; fileRef = AAE5B7C52EBA4C3500789A4A /* AboutUsViewController.swift */; };
		AAE5B7DD2EBA4C3500789A4A /* AboutUsViewController.xib in Resources */ = {isa = PBXBuildFile; fileRef = AAE5B7C62EBA4C3500789A4A /* AboutUsViewController.xib */; };
		AAE5B7DE2EBA4C3500789A4A /* SettingsViewModel.swift in Sources */ = {isa = PBXBuildFile; fileRef = AAE5B7C82EBA4C3500789A4A /* SettingsViewModel.swift */; };
		AAE5B7DF2EBA4C3500789A4A /* SettingsViewController.swift in Sources */ = {isa = PBXBuildFile; fileRef = AAE5B7CA2EBA4C3500789A4A /* SettingsViewController.swift */; };
		AAE5B7E02EBA4C3500789A4A /* SettingsViewController.xib in Resources */ = {isa = PBXBuildFile; fileRef = AAE5B7CB2EBA4C3500789A4A /* SettingsViewController.xib */; };
		AAE5B7E12EBA4C3500789A4A /* AddressViewController.swift in Sources */ = {isa = PBXBuildFile; fileRef = AAE5B7CD2EBA4C3500789A4A /* AddressViewController.swift */; };
		AAE5B7E22EBA4C3500789A4A /* AddressViewController.xib in Resources */ = {isa = PBXBuildFile; fileRef = AAE5B7CE2EBA4C3500789A4A /* AddressViewController.xib */; };
		AAE5B7E32EBA4C3500789A4A /* AddressService.swift in Sources */ = {isa = PBXBuildFile; fileRef = AAE5B7D02EBA4C3500789A4A /* AddressService.swift */; };
		AAE5B7E42EBA4C3500789A4A /* CountryData.swift in Sources */ = {isa = PBXBuildFile; fileRef = AAE5B7D22EBA4C3500789A4A /* CountryData.swift */; };
		AAE5B7E52EBA4C3500789A4A /* AddNewAddressViewModel.swift in Sources */ = {isa = PBXBuildFile; fileRef = AAE5B7D42EBA4C3500789A4A /* AddNewAddressViewModel.swift */; };
		AAE5B7E62EBA4C3500789A4A /* AddNewAddressViewController.swift in Sources */ = {isa = PBXBuildFile; fileRef = AAE5B7D62EBA4C3500789A4A /* AddNewAddressViewController.swift */; };
		AAE5B7E72EBA4C3500789A4A /* AddNewAddressViewController.xib in Resources */ = {isa = PBXBuildFile; fileRef = AAE5B7D72EBA4C3500789A4A /* AddNewAddressViewController.xib */; };
		AAE5B7E82EBA4C3500789A4A /* ContactUsViewController.swift in Sources */ = {isa = PBXBuildFile; fileRef = AAE5B7D92EBA4C3500789A4A /* ContactUsViewController.swift */; };
		AAE5B7E92EBA4C3500789A4A /* ContactUsViewController.xib in Resources */ = {isa = PBXBuildFile; fileRef = AAE5B7DA2EBA4C3500789A4A /* ContactUsViewController.xib */; };
		AAE5B8342EBA5B0000789A4A /* NotificationCenter+Settings.swift in Sources */ = {isa = PBXBuildFile; fileRef = AAE5B8332EBA5B0000789A4A /* NotificationCenter+Settings.swift */; };
		AAE5B8562EBAD59100789A4A /* AppDelegate.swift in Sources */ = {isa = PBXBuildFile; fileRef = AAE5B84C2EBAD59100789A4A /* AppDelegate.swift */; };
		AAE5B8572EBAD59100789A4A /* LaunchScreen.storyboard in Resources */ = {isa = PBXBuildFile; fileRef = AAE5B84E2EBAD59100789A4A /* LaunchScreen.storyboard */; };
		AAE5B8582EBAD59100789A4A /* Main.storyboard in Resources */ = {isa = PBXBuildFile; fileRef = AAE5B8502EBAD59100789A4A /* Main.storyboard */; };
		AAE5B8592EBAD59100789A4A /* SceneDelegate.swift in Sources */ = {isa = PBXBuildFile; fileRef = AAE5B8512EBAD59100789A4A /* SceneDelegate.swift */; };
		AAE5B85A2EBAD59100789A4A /* SHOPPIX.xcdatamodeld in Sources */ = {isa = PBXBuildFile; fileRef = AAE5B8522EBAD59100789A4A /* SHOPPIX.xcdatamodeld */; };
/* End PBXBuildFile section */

/* Begin PBXContainerItemProxy section */
		4F786FEA2EB8DB4F00FD9157 /* PBXContainerItemProxy */ = {
			isa = PBXContainerItemProxy;
			containerPortal = 4F786FC82EB8DB4A00FD9157 /* Project object */;
			proxyType = 1;
			remoteGlobalIDString = 4F786FCF2EB8DB4A00FD9157;
			remoteInfo = Shoppix;
		};
		4F786FF42EB8DB5000FD9157 /* PBXContainerItemProxy */ = {
			isa = PBXContainerItemProxy;
			containerPortal = 4F786FC82EB8DB4A00FD9157 /* Project object */;
			proxyType = 1;
			remoteGlobalIDString = 4F786FCF2EB8DB4A00FD9157;
			remoteInfo = Shoppix;
		};
/* End PBXContainerItemProxy section */

/* Begin PBXFileReference section */
		332912C87E90C7DF052B9118 /* Pods_Shoppix_ShoppixUITests.framework */ = {isa = PBXFileReference; explicitFileType = wrapper.framework; includeInIndex = 0; path = Pods_Shoppix_ShoppixUITests.framework; sourceTree = BUILT_PRODUCTS_DIR; };
		3B682D27E7B00921FA9ADF68 /* Pods_ShoppixTests.framework */ = {isa = PBXFileReference; explicitFileType = wrapper.framework; includeInIndex = 0; path = Pods_ShoppixTests.framework; sourceTree = BUILT_PRODUCTS_DIR; };
		486DD44B48AAF3E5F508C050 /* Pods-Shoppix.debug.xcconfig */ = {isa = PBXFileReference; includeInIndex = 1; lastKnownFileType = text.xcconfig; name = "Pods-Shoppix.debug.xcconfig"; path = "Target Support Files/Pods-Shoppix/Pods-Shoppix.debug.xcconfig"; sourceTree = "<group>"; };
		4F786FD02EB8DB4A00FD9157 /* Shoppix.app */ = {isa = PBXFileReference; explicitFileType = wrapper.application; includeInIndex = 0; path = Shoppix.app; sourceTree = BUILT_PRODUCTS_DIR; };
		4F786FD72EB8DB4A00FD9157 /* ViewController.swift */ = {isa = PBXFileReference; lastKnownFileType = sourcecode.swift; path = ViewController.swift; sourceTree = "<group>"; };
		4F786FDD2EB8DB4A00FD9157 /* Shoppix.xcdatamodel */ = {isa = PBXFileReference; lastKnownFileType = wrapper.xcdatamodel; path = Shoppix.xcdatamodel; sourceTree = "<group>"; };
		4F786FDF2EB8DB4F00FD9157 /* Assets.xcassets */ = {isa = PBXFileReference; lastKnownFileType = folder.assetcatalog; path = Assets.xcassets; sourceTree = "<group>"; };
		4F786FE42EB8DB4F00FD9157 /* Info.plist */ = {isa = PBXFileReference; lastKnownFileType = text.plist.xml; path = Info.plist; sourceTree = "<group>"; };
		4F786FE92EB8DB4F00FD9157 /* ShoppixTests.xctest */ = {isa = PBXFileReference; explicitFileType = wrapper.cfbundle; includeInIndex = 0; path = ShoppixTests.xctest; sourceTree = BUILT_PRODUCTS_DIR; };
		4F786FED2EB8DB4F00FD9157 /* ShoppixTests.swift */ = {isa = PBXFileReference; lastKnownFileType = sourcecode.swift; path = ShoppixTests.swift; sourceTree = "<group>"; };
		4F786FF32EB8DB4F00FD9157 /* ShoppixUITests.xctest */ = {isa = PBXFileReference; explicitFileType = wrapper.cfbundle; includeInIndex = 0; path = ShoppixUITests.xctest; sourceTree = BUILT_PRODUCTS_DIR; };
		4F786FF72EB8DB5000FD9157 /* ShoppixUITests.swift */ = {isa = PBXFileReference; lastKnownFileType = sourcecode.swift; path = ShoppixUITests.swift; sourceTree = "<group>"; };
		4F786FF92EB8DB5000FD9157 /* ShoppixUITestsLaunchTests.swift */ = {isa = PBXFileReference; lastKnownFileType = sourcecode.swift; path = ShoppixUITestsLaunchTests.swift; sourceTree = "<group>"; };
		4F7870142EB8F8AC00FD9157 /* LandSceenViewController.swift */ = {isa = PBXFileReference; fileEncoding = 4; lastKnownFileType = sourcecode.swift; path = LandSceenViewController.swift; sourceTree = "<group>"; };
		4F7870152EB8F8AC00FD9157 /* LandSceenViewController.xib */ = {isa = PBXFileReference; fileEncoding = 4; lastKnownFileType = file.xib; path = LandSceenViewController.xib; sourceTree = "<group>"; };
		4F7870192EB8FC0A00FD9157 /* GauestOrUserViewController.swift */ = {isa = PBXFileReference; fileEncoding = 4; lastKnownFileType = sourcecode.swift; path = GauestOrUserViewController.swift; sourceTree = "<group>"; };
		4F78701A2EB8FC0A00FD9157 /* GauestOrUserViewController.xib */ = {isa = PBXFileReference; fileEncoding = 4; lastKnownFileType = file.xib; path = GauestOrUserViewController.xib; sourceTree = "<group>"; };
		4F78701F2EB903CE00FD9157 /* HomeTabBarViewController.swift */ = {isa = PBXFileReference; fileEncoding = 4; lastKnownFileType = sourcecode.swift; path = HomeTabBarViewController.swift; sourceTree = "<group>"; };
		4F7870232EB9041300FD9157 /* SmartCollectionModel.swift */ = {isa = PBXFileReference; fileEncoding = 4; lastKnownFileType = sourcecode.swift; path = SmartCollectionModel.swift; sourceTree = "<group>"; };
		4F7870252EB9041300FD9157 /* HomeViewController.xib */ = {isa = PBXFileReference; fileEncoding = 4; lastKnownFileType = file.xib; path = HomeViewController.xib; sourceTree = "<group>"; };
		4F7870262EB9041300FD9157 /* HomeViewController.swift */ = {isa = PBXFileReference; fileEncoding = 4; lastKnownFileType = sourcecode.swift; path = HomeViewController.swift; sourceTree = "<group>"; };
		4F7870282EB9041300FD9157 /* HomeViewModel.swift */ = {isa = PBXFileReference; fileEncoding = 4; lastKnownFileType = sourcecode.swift; path = HomeViewModel.swift; sourceTree = "<group>"; };
		5B6166D110BC142C296F5C4E /* Pods-Shoppix-ShoppixUITests.release.xcconfig */ = {isa = PBXFileReference; includeInIndex = 1; lastKnownFileType = text.xcconfig; name = "Pods-Shoppix-ShoppixUITests.release.xcconfig"; path = "Target Support Files/Pods-Shoppix-ShoppixUITests/Pods-Shoppix-ShoppixUITests.release.xcconfig"; sourceTree = "<group>"; };
		603011A66045CE00BD905AA5 /* Pods_Shoppix.framework */ = {isa = PBXFileReference; explicitFileType = wrapper.framework; includeInIndex = 0; path = Pods_Shoppix.framework; sourceTree = BUILT_PRODUCTS_DIR; };
		735FFA15C40C13A7FC5BE0F9 /* Pods-Shoppix-ShoppixUITests.debug.xcconfig */ = {isa = PBXFileReference; includeInIndex = 1; lastKnownFileType = text.xcconfig; name = "Pods-Shoppix-ShoppixUITests.debug.xcconfig"; path = "Target Support Files/Pods-Shoppix-ShoppixUITests/Pods-Shoppix-ShoppixUITests.debug.xcconfig"; sourceTree = "<group>"; };
		94482A64B27E68AC5846ECF1 /* Pods-ShoppixTests.debug.xcconfig */ = {isa = PBXFileReference; includeInIndex = 1; lastKnownFileType = text.xcconfig; name = "Pods-ShoppixTests.debug.xcconfig"; path = "Target Support Files/Pods-ShoppixTests/Pods-ShoppixTests.debug.xcconfig"; sourceTree = "<group>"; };
		AA5DEFFC2EBAE61700E72FB2 /* ProductCollectionViewCell.swift */ = {isa = PBXFileReference; fileEncoding = 4; lastKnownFileType = sourcecode.swift; path = ProductCollectionViewCell.swift; sourceTree = "<group>"; };
		AA5DEFFD2EBAE61700E72FB2 /* ProductCollectionViewCell.xib */ = {isa = PBXFileReference; fileEncoding = 4; lastKnownFileType = file.xib; path = ProductCollectionViewCell.xib; sourceTree = "<group>"; };
		AA5DF0012EBAE85300E72FB2 /* OrdersTableViewCell.swift */ = {isa = PBXFileReference; fileEncoding = 4; lastKnownFileType = sourcecode.swift; path = OrdersTableViewCell.swift; sourceTree = "<group>"; };
		AA5DF0022EBAE85300E72FB2 /* OrdersTableViewCell.xib */ = {isa = PBXFileReference; fileEncoding = 4; lastKnownFileType = file.xib; path = OrdersTableViewCell.xib; sourceTree = "<group>"; };
		AA5DF0042EBAE85300E72FB2 /* ProfileViewController.swift */ = {isa = PBXFileReference; fileEncoding = 4; lastKnownFileType = sourcecode.swift; name = ProfileViewController.swift; path = ../ProfileViewController.swift; sourceTree = "<group>"; };
		AA5DF0052EBAE85300E72FB2 /* ProfileViewController.xib */ = {isa = PBXFileReference; fileEncoding = 4; lastKnownFileType = file.xib; path = ProfileViewController.xib; sourceTree = "<group>"; };
		AAE5B77F2EBA4B1000789A4A /* CheckInternet.swift */ = {isa = PBXFileReference; fileEncoding = 4; lastKnownFileType = sourcecode.swift; path = CheckInternet.swift; sourceTree = "<group>"; };
		AAE5B7802EBA4B1000789A4A /* Session.swift */ = {isa = PBXFileReference; fileEncoding = 4; lastKnownFileType = sourcecode.swift; path = Session.swift; sourceTree = "<group>"; };
		AAE5B7812EBA4B1000789A4A /* Extension.swift */ = {isa = PBXFileReference; fileEncoding = 4; lastKnownFileType = sourcecode.swift; path = Extension.swift; sourceTree = "<group>"; };
		AAE5B7822EBA4B1000789A4A /* NetworkManager.swift */ = {isa = PBXFileReference; fileEncoding = 4; lastKnownFileType = sourcecode.swift; path = NetworkManager.swift; sourceTree = "<group>"; };
		AAE5B7832EBA4B1000789A4A /* GoogleService-Info.plist */ = {isa = PBXFileReference; fileEncoding = 4; lastKnownFileType = text.plist.xml; path = "GoogleService-Info.plist"; sourceTree = "<group>"; };
		AAE5B7892EBA4B2D00789A4A /* FavoriteViewController.swift */ = {isa = PBXFileReference; fileEncoding = 4; lastKnownFileType = sourcecode.swift; path = FavoriteViewController.swift; sourceTree = "<group>"; };
		AAE5B78A2EBA4B2D00789A4A /* FavoriteViewController.xib */ = {isa = PBXFileReference; fileEncoding = 4; lastKnownFileType = file.xib; path = FavoriteViewController.xib; sourceTree = "<group>"; };
		AAE5B78C2EBA4B2D00789A4A /* LoginViewController.swift */ = {isa = PBXFileReference; fileEncoding = 4; lastKnownFileType = sourcecode.swift; path = LoginViewController.swift; sourceTree = "<group>"; };
		AAE5B78D2EBA4B2D00789A4A /* LoginViewController.xib */ = {isa = PBXFileReference; fileEncoding = 4; lastKnownFileType = file.xib; path = LoginViewController.xib; sourceTree = "<group>"; };
		AAE5B78F2EBA4B2D00789A4A /* ProductImageCollectionViewCell.swift */ = {isa = PBXFileReference; fileEncoding = 4; lastKnownFileType = sourcecode.swift; path = ProductImageCollectionViewCell.swift; sourceTree = "<group>"; };
		AAE5B7902EBA4B2D00789A4A /* ProductImageCollectionViewCell.xib */ = {isa = PBXFileReference; fileEncoding = 4; lastKnownFileType = file.xib; path = ProductImageCollectionViewCell.xib; sourceTree = "<group>"; };
		AAE5B7922EBA4B2D00789A4A /* ProductDetailsViewController.swift */ = {isa = PBXFileReference; fileEncoding = 4; lastKnownFileType = sourcecode.swift; path = ProductDetailsViewController.swift; sourceTree = "<group>"; };
		AAE5B7932EBA4B2D00789A4A /* ProductDetailsViewController.xib */ = {isa = PBXFileReference; fileEncoding = 4; lastKnownFileType = file.xib; path = ProductDetailsViewController.xib; sourceTree = "<group>"; };
		AAE5B7952EBA4B2D00789A4A /* ProductDetailViewModel.swift */ = {isa = PBXFileReference; fileEncoding = 4; lastKnownFileType = sourcecode.swift; path = ProductDetailViewModel.swift; sourceTree = "<group>"; };
		AAE5B7982EBA4B2D00789A4A /* ForgetBassViewController.swift */ = {isa = PBXFileReference; fileEncoding = 4; lastKnownFileType = sourcecode.swift; path = ForgetBassViewController.swift; sourceTree = "<group>"; };
		AAE5B7992EBA4B2D00789A4A /* ForgetBassViewController.xib */ = {isa = PBXFileReference; fileEncoding = 4; lastKnownFileType = file.xib; path = ForgetBassViewController.xib; sourceTree = "<group>"; };
		AAE5B79B2EBA4B2D00789A4A /* SignUpViewController.swift */ = {isa = PBXFileReference; fileEncoding = 4; lastKnownFileType = sourcecode.swift; path = SignUpViewController.swift; sourceTree = "<group>"; };
		AAE5B79C2EBA4B2D00789A4A /* SignUpViewController.xib */ = {isa = PBXFileReference; fileEncoding = 4; lastKnownFileType = file.xib; path = SignUpViewController.xib; sourceTree = "<group>"; };
		AAE5B79E2EBA4B2D00789A4A /* ProductModel.swift */ = {isa = PBXFileReference; fileEncoding = 4; lastKnownFileType = sourcecode.swift; path = ProductModel.swift; sourceTree = "<group>"; };
		AAE5B7A02EBA4B2D00789A4A /* ProductsViewController.swift */ = {isa = PBXFileReference; fileEncoding = 4; lastKnownFileType = sourcecode.swift; path = ProductsViewController.swift; sourceTree = "<group>"; };
		AAE5B7A12EBA4B2D00789A4A /* ProductsViewController.xib */ = {isa = PBXFileReference; fileEncoding = 4; lastKnownFileType = file.xib; path = ProductsViewController.xib; sourceTree = "<group>"; };
		AAE5B7A32EBA4B2D00789A4A /* ProductViewModel.swift */ = {isa = PBXFileReference; fileEncoding = 4; lastKnownFileType = sourcecode.swift; path = ProductViewModel.swift; sourceTree = "<group>"; };
		AAE5B7A62EBA4B2D00789A4A /* ReviewCellTableViewCell.swift */ = {isa = PBXFileReference; fileEncoding = 4; lastKnownFileType = sourcecode.swift; path = ReviewCellTableViewCell.swift; sourceTree = "<group>"; };
		AAE5B7A72EBA4B2D00789A4A /* ReviewCellTableViewCell.xib */ = {isa = PBXFileReference; fileEncoding = 4; lastKnownFileType = file.xib; path = ReviewCellTableViewCell.xib; sourceTree = "<group>"; };
		AAE5B7A92EBA4B2D00789A4A /* ReviewsViewController.swift */ = {isa = PBXFileReference; fileEncoding = 4; lastKnownFileType = sourcecode.swift; path = ReviewsViewController.swift; sourceTree = "<group>"; };
		AAE5B7AA2EBA4B2D00789A4A /* ReviewsViewController.xib */ = {isa = PBXFileReference; fileEncoding = 4; lastKnownFileType = file.xib; path = ReviewsViewController.xib; sourceTree = "<group>"; };
		AAE5B7C52EBA4C3500789A4A /* AboutUsViewController.swift */ = {isa = PBXFileReference; fileEncoding = 4; lastKnownFileType = sourcecode.swift; path = AboutUsViewController.swift; sourceTree = "<group>"; };
		AAE5B7C62EBA4C3500789A4A /* AboutUsViewController.xib */ = {isa = PBXFileReference; fileEncoding = 4; lastKnownFileType = file.xib; path = AboutUsViewController.xib; sourceTree = "<group>"; };
		AAE5B7C82EBA4C3500789A4A /* SettingsViewModel.swift */ = {isa = PBXFileReference; fileEncoding = 4; lastKnownFileType = sourcecode.swift; path = SettingsViewModel.swift; sourceTree = "<group>"; };
		AAE5B7CA2EBA4C3500789A4A /* SettingsViewController.swift */ = {isa = PBXFileReference; fileEncoding = 4; lastKnownFileType = sourcecode.swift; path = SettingsViewController.swift; sourceTree = "<group>"; };
		AAE5B7CB2EBA4C3500789A4A /* SettingsViewController.xib */ = {isa = PBXFileReference; fileEncoding = 4; lastKnownFileType = file.xib; path = SettingsViewController.xib; sourceTree = "<group>"; };
		AAE5B7CD2EBA4C3500789A4A /* AddressViewController.swift */ = {isa = PBXFileReference; fileEncoding = 4; lastKnownFileType = sourcecode.swift; path = AddressViewController.swift; sourceTree = "<group>"; };
		AAE5B7CE2EBA4C3500789A4A /* AddressViewController.xib */ = {isa = PBXFileReference; fileEncoding = 4; lastKnownFileType = file.xib; path = AddressViewController.xib; sourceTree = "<group>"; };
		AAE5B7D02EBA4C3500789A4A /* AddressService.swift */ = {isa = PBXFileReference; fileEncoding = 4; lastKnownFileType = sourcecode.swift; path = AddressService.swift; sourceTree = "<group>"; };
		AAE5B7D22EBA4C3500789A4A /* CountryData.swift */ = {isa = PBXFileReference; fileEncoding = 4; lastKnownFileType = sourcecode.swift; path = CountryData.swift; sourceTree = "<group>"; };
		AAE5B7D42EBA4C3500789A4A /* AddNewAddressViewModel.swift */ = {isa = PBXFileReference; fileEncoding = 4; lastKnownFileType = sourcecode.swift; path = AddNewAddressViewModel.swift; sourceTree = "<group>"; };
		AAE5B7D62EBA4C3500789A4A /* AddNewAddressViewController.swift */ = {isa = PBXFileReference; fileEncoding = 4; lastKnownFileType = sourcecode.swift; path = AddNewAddressViewController.swift; sourceTree = "<group>"; };
		AAE5B7D72EBA4C3500789A4A /* AddNewAddressViewController.xib */ = {isa = PBXFileReference; fileEncoding = 4; lastKnownFileType = file.xib; path = AddNewAddressViewController.xib; sourceTree = "<group>"; };
		AAE5B7D92EBA4C3500789A4A /* ContactUsViewController.swift */ = {isa = PBXFileReference; fileEncoding = 4; lastKnownFileType = sourcecode.swift; path = ContactUsViewController.swift; sourceTree = "<group>"; };
		AAE5B7DA2EBA4C3500789A4A /* ContactUsViewController.xib */ = {isa = PBXFileReference; fileEncoding = 4; lastKnownFileType = file.xib; path = ContactUsViewController.xib; sourceTree = "<group>"; };
		AAE5B8332EBA5B0000789A4A /* NotificationCenter+Settings.swift */ = {isa = PBXFileReference; lastKnownFileType = sourcecode.swift; path = "NotificationCenter+Settings.swift"; sourceTree = "<group>"; };
		AAE5B84C2EBAD59100789A4A /* AppDelegate.swift */ = {isa = PBXFileReference; fileEncoding = 4; lastKnownFileType = sourcecode.swift; path = AppDelegate.swift; sourceTree = "<group>"; };
		AAE5B84D2EBAD59100789A4A /* Base */ = {isa = PBXFileReference; lastKnownFileType = file.storyboard; name = Base; path = Base.lproj/LaunchScreen.storyboard; sourceTree = "<group>"; };
		AAE5B84F2EBAD59100789A4A /* Base */ = {isa = PBXFileReference; lastKnownFileType = file.storyboard; name = Base; path = Base.lproj/Main.storyboard; sourceTree = "<group>"; };
		AAE5B8512EBAD59100789A4A /* SceneDelegate.swift */ = {isa = PBXFileReference; fileEncoding = 4; lastKnownFileType = sourcecode.swift; path = SceneDelegate.swift; sourceTree = "<group>"; };
		AAE5B8552EBAD59100789A4A /* SHOPPIX.xcdatamodel */ = {isa = PBXFileReference; lastKnownFileType = wrapper.xcdatamodel; path = SHOPPIX.xcdatamodel; sourceTree = "<group>"; };
		B98BB0DFFDC1DDEDD70A6DD3 /* Pods-ShoppixTests.release.xcconfig */ = {isa = PBXFileReference; includeInIndex = 1; lastKnownFileType = text.xcconfig; name = "Pods-ShoppixTests.release.xcconfig"; path = "Target Support Files/Pods-ShoppixTests/Pods-ShoppixTests.release.xcconfig"; sourceTree = "<group>"; };
		D303CDE8D44F09B22B4A9DFC /* Pods-Shoppix.release.xcconfig */ = {isa = PBXFileReference; includeInIndex = 1; lastKnownFileType = text.xcconfig; name = "Pods-Shoppix.release.xcconfig"; path = "Target Support Files/Pods-Shoppix/Pods-Shoppix.release.xcconfig"; sourceTree = "<group>"; };
/* End PBXFileReference section */

/* Begin PBXFrameworksBuildPhase section */
		4F786FCD2EB8DB4A00FD9157 /* Frameworks */ = {
			isa = PBXFrameworksBuildPhase;
			buildActionMask = 2147483647;
			files = (
				4F78702F2EB9056700FD9157 /* SDWebImage in Frameworks */,
				A760A74981999E76A328479D /* Pods_Shoppix.framework in Frameworks */,
			);
			runOnlyForDeploymentPostprocessing = 0;
		};
		4F786FE62EB8DB4F00FD9157 /* Frameworks */ = {
			isa = PBXFrameworksBuildPhase;
			buildActionMask = 2147483647;
			files = (
				821C4394C82B7631462DDA1A /* Pods_ShoppixTests.framework in Frameworks */,
			);
			runOnlyForDeploymentPostprocessing = 0;
		};
		4F786FF02EB8DB4F00FD9157 /* Frameworks */ = {
			isa = PBXFrameworksBuildPhase;
			buildActionMask = 2147483647;
			files = (
				68B38070594FEEFD4FA02201 /* Pods_Shoppix_ShoppixUITests.framework in Frameworks */,
			);
			runOnlyForDeploymentPostprocessing = 0;
		};
/* End PBXFrameworksBuildPhase section */

/* Begin PBXGroup section */
		4F786FC72EB8DB4A00FD9157 = {
			isa = PBXGroup;
			children = (
				4F786FD22EB8DB4A00FD9157 /* Shoppix */,
				4F786FEC2EB8DB4F00FD9157 /* ShoppixTests */,
				4F786FF62EB8DB5000FD9157 /* ShoppixUITests */,
				4F786FD12EB8DB4A00FD9157 /* Products */,
				7B8FC4BEEB06F72A67C471F6 /* Pods */,
				AE0000981773265EF17F52E8 /* Frameworks */,
			);
			sourceTree = "<group>";
		};
		4F786FD12EB8DB4A00FD9157 /* Products */ = {
			isa = PBXGroup;
			children = (
				4F786FD02EB8DB4A00FD9157 /* Shoppix.app */,
				4F786FE92EB8DB4F00FD9157 /* ShoppixTests.xctest */,
				4F786FF32EB8DB4F00FD9157 /* ShoppixUITests.xctest */,
			);
			name = Products;
			sourceTree = "<group>";
		};
		4F786FD22EB8DB4A00FD9157 /* Shoppix */ = {
			isa = PBXGroup;
			children = (
				4F78700D2EB8ECB100FD9157 /* Features */,
				4F78700B2EB8EC5E00FD9157 /* Resources */,
				AAE5B8542EBAD59100789A4A /* Application */,
				4F786FD72EB8DB4A00FD9157 /* ViewController.swift */,
				4F786FE42EB8DB4F00FD9157 /* Info.plist */,
				4F786FDC2EB8DB4A00FD9157 /* Shoppix.xcdatamodeld */,
			);
			path = Shoppix;
			sourceTree = "<group>";
		};
		4F786FEC2EB8DB4F00FD9157 /* ShoppixTests */ = {
			isa = PBXGroup;
			children = (
				4F786FED2EB8DB4F00FD9157 /* ShoppixTests.swift */,
			);
			path = ShoppixTests;
			sourceTree = "<group>";
		};
		4F786FF62EB8DB5000FD9157 /* ShoppixUITests */ = {
			isa = PBXGroup;
			children = (
				4F786FF72EB8DB5000FD9157 /* ShoppixUITests.swift */,
				4F786FF92EB8DB5000FD9157 /* ShoppixUITestsLaunchTests.swift */,
			);
			path = ShoppixUITests;
			sourceTree = "<group>";
		};
		4F78700B2EB8EC5E00FD9157 /* Resources */ = {
			isa = PBXGroup;
			children = (
				AAE5B8322EBA5AC600789A4A /* NotificationCenterExtentions */,
				AAE5B77F2EBA4B1000789A4A /* CheckInternet.swift */,
				AAE5B7812EBA4B1000789A4A /* Extension.swift */,
				AAE5B7832EBA4B1000789A4A /* GoogleService-Info.plist */,
				AAE5B7822EBA4B1000789A4A /* NetworkManager.swift */,
				AAE5B7802EBA4B1000789A4A /* Session.swift */,
				4F78700C2EB8EC7F00FD9157 /* Images */,
			);
			path = Resources;
			sourceTree = "<group>";
		};
		4F78700C2EB8EC7F00FD9157 /* Images */ = {
			isa = PBXGroup;
			children = (
				4F786FDF2EB8DB4F00FD9157 /* Assets.xcassets */,
			);
			path = Images;
			sourceTree = "<group>";
		};
		4F78700D2EB8ECB100FD9157 /* Features */ = {
			isa = PBXGroup;
			children = (
				AA5DF0062EBAE85300E72FB2 /* ProfileVC */,
				AAE5B7C42EBA4C2100789A4A /* Settings */,
				AAE5B78B2EBA4B2D00789A4A /* Favorite VC */,
				AAE5B79A2EBA4B2D00789A4A /* Forget password */,
				AAE5B78E2EBA4B2D00789A4A /* LOGIN */,
				AAE5B7A52EBA4B2D00789A4A /* Product */,
				AAE5B7972EBA4B2D00789A4A /* Product Details */,
				AAE5B7AB2EBA4B2D00789A4A /* Review Vc */,
				AAE5B79D2EBA4B2D00789A4A /* SignUp */,
				4F7870212EB9041300FD9157 /* HomeVC */,
				4F78701E2EB903CE00FD9157 /* tabBar */,
				4F7870182EB8FC0A00FD9157 /* GuestOrUserViewController */,
				4F7870132EB8F8AC00FD9157 /* Land screen */,
			);
			path = Features;
			sourceTree = "<group>";
		};
		4F7870132EB8F8AC00FD9157 /* Land screen */ = {
			isa = PBXGroup;
			children = (
				4F7870142EB8F8AC00FD9157 /* LandSceenViewController.swift */,
				4F7870152EB8F8AC00FD9157 /* LandSceenViewController.xib */,
			);
			path = "Land screen";
			sourceTree = "<group>";
		};
		4F7870182EB8FC0A00FD9157 /* GuestOrUserViewController */ = {
			isa = PBXGroup;
			children = (
				4F7870192EB8FC0A00FD9157 /* GauestOrUserViewController.swift */,
				4F78701A2EB8FC0A00FD9157 /* GauestOrUserViewController.xib */,
			);
			path = GuestOrUserViewController;
			sourceTree = "<group>";
		};
		4F78701E2EB903CE00FD9157 /* tabBar */ = {
			isa = PBXGroup;
			children = (
				4F78701F2EB903CE00FD9157 /* HomeTabBarViewController.swift */,
			);
			path = tabBar;
			sourceTree = "<group>";
		};
		4F7870212EB9041300FD9157 /* HomeVC */ = {
			isa = PBXGroup;
			children = (
				4F7870222EB9041300FD9157 /* Model */,
				4F7870242EB9041300FD9157 /* view */,
				4F7870272EB9041300FD9157 /* View Model */,
			);
			path = HomeVC;
			sourceTree = "<group>";
		};
		4F7870222EB9041300FD9157 /* Model */ = {
			isa = PBXGroup;
			children = (
				4F7870232EB9041300FD9157 /* SmartCollectionModel.swift */,
			);
			path = Model;
			sourceTree = "<group>";
		};
		4F7870242EB9041300FD9157 /* view */ = {
			isa = PBXGroup;
			children = (
				4F7870252EB9041300FD9157 /* HomeViewController.xib */,
				4F7870262EB9041300FD9157 /* HomeViewController.swift */,
				AA5DEFFE2EBAE61700E72FB2 /* cells */,
			);
			path = view;
			sourceTree = "<group>";
		};
		4F7870272EB9041300FD9157 /* View Model */ = {
			isa = PBXGroup;
			children = (
				4F7870282EB9041300FD9157 /* HomeViewModel.swift */,
			);
			path = "View Model";
			sourceTree = "<group>";
		};
		7B8FC4BEEB06F72A67C471F6 /* Pods */ = {
			isa = PBXGroup;
			children = (
				486DD44B48AAF3E5F508C050 /* Pods-Shoppix.debug.xcconfig */,
				D303CDE8D44F09B22B4A9DFC /* Pods-Shoppix.release.xcconfig */,
				735FFA15C40C13A7FC5BE0F9 /* Pods-Shoppix-ShoppixUITests.debug.xcconfig */,
				5B6166D110BC142C296F5C4E /* Pods-Shoppix-ShoppixUITests.release.xcconfig */,
				94482A64B27E68AC5846ECF1 /* Pods-ShoppixTests.debug.xcconfig */,
				B98BB0DFFDC1DDEDD70A6DD3 /* Pods-ShoppixTests.release.xcconfig */,
			);
			path = Pods;
			sourceTree = "<group>";
		};
		AA54569E2EBBB028000409D6 /* View */ = {
			isa = PBXGroup;
			children = (
				AA5DF0042EBAE85300E72FB2 /* ProfileViewController.swift */,
				AA5DF0052EBAE85300E72FB2 /* ProfileViewController.xib */,
			);
			path = View;
			sourceTree = "<group>";
		};
		AA5DEFFE2EBAE61700E72FB2 /* cells */ = {
			isa = PBXGroup;
			children = (
				AA5DEFFC2EBAE61700E72FB2 /* ProductCollectionViewCell.swift */,
				AA5DEFFD2EBAE61700E72FB2 /* ProductCollectionViewCell.xib */,
			);
			name = cells;
			path = ../../../../../../../../../../Users/nafeaelkassas/Downloads/cells;
			sourceTree = "<group>";
		};
		AA5DF0032EBAE85300E72FB2 /* Cells */ = {
			isa = PBXGroup;
			children = (
				AA5DF0012EBAE85300E72FB2 /* OrdersTableViewCell.swift */,
				AA5DF0022EBAE85300E72FB2 /* OrdersTableViewCell.xib */,
			);
			path = Cells;
			sourceTree = "<group>";
		};
		AA5DF0062EBAE85300E72FB2 /* ProfileVC */ = {
			isa = PBXGroup;
			children = (
				AA54569E2EBBB028000409D6 /* View */,
				AA5DF0032EBAE85300E72FB2 /* Cells */,
			);
			path = ProfileVC;
			sourceTree = "<group>";
		};
		AAE5B78B2EBA4B2D00789A4A /* Favorite VC */ = {
			isa = PBXGroup;
			children = (
				AAE5B7892EBA4B2D00789A4A /* FavoriteViewController.swift */,
				AAE5B78A2EBA4B2D00789A4A /* FavoriteViewController.xib */,
			);
			path = "Favorite VC";
			sourceTree = "<group>";
		};
		AAE5B78E2EBA4B2D00789A4A /* LOGIN */ = {
			isa = PBXGroup;
			children = (
				AAE5B78C2EBA4B2D00789A4A /* LoginViewController.swift */,
				AAE5B78D2EBA4B2D00789A4A /* LoginViewController.xib */,
			);
			path = LOGIN;
			sourceTree = "<group>";
		};
		AAE5B7912EBA4B2D00789A4A /* cells */ = {
			isa = PBXGroup;
			children = (
				AAE5B78F2EBA4B2D00789A4A /* ProductImageCollectionViewCell.swift */,
				AAE5B7902EBA4B2D00789A4A /* ProductImageCollectionViewCell.xib */,
			);
			path = cells;
			sourceTree = "<group>";
		};
		AAE5B7942EBA4B2D00789A4A /* View */ = {
			isa = PBXGroup;
			children = (
				AAE5B7922EBA4B2D00789A4A /* ProductDetailsViewController.swift */,
				AAE5B7932EBA4B2D00789A4A /* ProductDetailsViewController.xib */,
			);
			path = View;
			sourceTree = "<group>";
		};
		AAE5B7962EBA4B2D00789A4A /* view model */ = {
			isa = PBXGroup;
			children = (
				AAE5B7952EBA4B2D00789A4A /* ProductDetailViewModel.swift */,
			);
			path = "view model";
			sourceTree = "<group>";
		};
		AAE5B7972EBA4B2D00789A4A /* Product Details */ = {
			isa = PBXGroup;
			children = (
				AAE5B7912EBA4B2D00789A4A /* cells */,
				AAE5B7942EBA4B2D00789A4A /* View */,
				AAE5B7962EBA4B2D00789A4A /* view model */,
			);
			path = "Product Details";
			sourceTree = "<group>";
		};
		AAE5B79A2EBA4B2D00789A4A /* Forget password */ = {
			isa = PBXGroup;
			children = (
				AAE5B7982EBA4B2D00789A4A /* ForgetBassViewController.swift */,
				AAE5B7992EBA4B2D00789A4A /* ForgetBassViewController.xib */,
			);
			path = "Forget password";
			sourceTree = "<group>";
		};
		AAE5B79D2EBA4B2D00789A4A /* SignUp */ = {
			isa = PBXGroup;
			children = (
				AAE5B79B2EBA4B2D00789A4A /* SignUpViewController.swift */,
				AAE5B79C2EBA4B2D00789A4A /* SignUpViewController.xib */,
			);
			path = SignUp;
			sourceTree = "<group>";
		};
		AAE5B79F2EBA4B2D00789A4A /* Model */ = {
			isa = PBXGroup;
			children = (
				AAE5B79E2EBA4B2D00789A4A /* ProductModel.swift */,
			);
			path = Model;
			sourceTree = "<group>";
		};
		AAE5B7A22EBA4B2D00789A4A /* View */ = {
			isa = PBXGroup;
			children = (
				AAE5B7A02EBA4B2D00789A4A /* ProductsViewController.swift */,
				AAE5B7A12EBA4B2D00789A4A /* ProductsViewController.xib */,
			);
			path = View;
			sourceTree = "<group>";
		};
		AAE5B7A42EBA4B2D00789A4A /* view model */ = {
			isa = PBXGroup;
			children = (
				AAE5B7A32EBA4B2D00789A4A /* ProductViewModel.swift */,
			);
			path = "view model";
			sourceTree = "<group>";
		};
		AAE5B7A52EBA4B2D00789A4A /* Product */ = {
			isa = PBXGroup;
			children = (
				AAE5B79F2EBA4B2D00789A4A /* Model */,
				AAE5B7A22EBA4B2D00789A4A /* View */,
				AAE5B7A42EBA4B2D00789A4A /* view model */,
			);
			path = Product;
			sourceTree = "<group>";
		};
		AAE5B7A82EBA4B2D00789A4A /* cells */ = {
			isa = PBXGroup;
			children = (
				AAE5B7A62EBA4B2D00789A4A /* ReviewCellTableViewCell.swift */,
				AAE5B7A72EBA4B2D00789A4A /* ReviewCellTableViewCell.xib */,
			);
			path = cells;
			sourceTree = "<group>";
		};
		AAE5B7AB2EBA4B2D00789A4A /* Review Vc */ = {
			isa = PBXGroup;
			children = (
				AAE5B7A82EBA4B2D00789A4A /* cells */,
				AAE5B7A92EBA4B2D00789A4A /* ReviewsViewController.swift */,
				AAE5B7AA2EBA4B2D00789A4A /* ReviewsViewController.xib */,
			);
			path = "Review Vc";
			sourceTree = "<group>";
		};
		AAE5B7C42EBA4C2100789A4A /* Settings */ = {
			isa = PBXGroup;
			children = (
				AAE5B7C72EBA4C3500789A4A /* AboutUsVC */,
				AAE5B7D82EBA4C3500789A4A /* AddNewAddressVC */,
				AAE5B7CF2EBA4C3500789A4A /* AddressVC */,
				AAE5B7DB2EBA4C3500789A4A /* ContactUsVC */,
				AAE5B7CC2EBA4C3500789A4A /* SettingsVC */,
			);
			path = Settings;
			sourceTree = "<group>";
		};
		AAE5B7C72EBA4C3500789A4A /* AboutUsVC */ = {
			isa = PBXGroup;
			children = (
				AAE5B7C52EBA4C3500789A4A /* AboutUsViewController.swift */,
				AAE5B7C62EBA4C3500789A4A /* AboutUsViewController.xib */,
			);
			path = AboutUsVC;
			sourceTree = "<group>";
		};
		AAE5B7C92EBA4C3500789A4A /* ViewModel */ = {
			isa = PBXGroup;
			children = (
				AAE5B7C82EBA4C3500789A4A /* SettingsViewModel.swift */,
			);
			path = ViewModel;
			sourceTree = "<group>";
		};
		AAE5B7CC2EBA4C3500789A4A /* SettingsVC */ = {
			isa = PBXGroup;
			children = (
				AAE5B7C92EBA4C3500789A4A /* ViewModel */,
				AAE5B7CA2EBA4C3500789A4A /* SettingsViewController.swift */,
				AAE5B7CB2EBA4C3500789A4A /* SettingsViewController.xib */,
			);
			path = SettingsVC;
			sourceTree = "<group>";
		};
		AAE5B7CF2EBA4C3500789A4A /* AddressVC */ = {
			isa = PBXGroup;
			children = (
				AAE5B7CD2EBA4C3500789A4A /* AddressViewController.swift */,
				AAE5B7CE2EBA4C3500789A4A /* AddressViewController.xib */,
			);
			path = AddressVC;
			sourceTree = "<group>";
		};
		AAE5B7D12EBA4C3500789A4A /* AddressService */ = {
			isa = PBXGroup;
			children = (
				AAE5B7D02EBA4C3500789A4A /* AddressService.swift */,
			);
			path = AddressService;
			sourceTree = "<group>";
		};
		AAE5B7D32EBA4C3500789A4A /* Model */ = {
			isa = PBXGroup;
			children = (
				AAE5B7D12EBA4C3500789A4A /* AddressService */,
				AAE5B7D22EBA4C3500789A4A /* CountryData.swift */,
			);
			path = Model;
			sourceTree = "<group>";
		};
		AAE5B7D52EBA4C3500789A4A /* ViewModel */ = {
			isa = PBXGroup;
			children = (
				AAE5B7D42EBA4C3500789A4A /* AddNewAddressViewModel.swift */,
			);
			path = ViewModel;
			sourceTree = "<group>";
		};
		AAE5B7D82EBA4C3500789A4A /* AddNewAddressVC */ = {
			isa = PBXGroup;
			children = (
				AAE5B7EA2EBA4C4600789A4A /* View */,
				AAE5B7D32EBA4C3500789A4A /* Model */,
				AAE5B7D52EBA4C3500789A4A /* ViewModel */,
			);
			path = AddNewAddressVC;
			sourceTree = "<group>";
		};
		AAE5B7DB2EBA4C3500789A4A /* ContactUsVC */ = {
			isa = PBXGroup;
			children = (
				AAE5B7D92EBA4C3500789A4A /* ContactUsViewController.swift */,
				AAE5B7DA2EBA4C3500789A4A /* ContactUsViewController.xib */,
			);
			path = ContactUsVC;
			sourceTree = "<group>";
		};
		AAE5B7EA2EBA4C4600789A4A /* View */ = {
			isa = PBXGroup;
			children = (
				AAE5B7D62EBA4C3500789A4A /* AddNewAddressViewController.swift */,
				AAE5B7D72EBA4C3500789A4A /* AddNewAddressViewController.xib */,
			);
			path = View;
			sourceTree = "<group>";
		};
		AAE5B8322EBA5AC600789A4A /* NotificationCenterExtentions */ = {
			isa = PBXGroup;
			children = (
				AAE5B8332EBA5B0000789A4A /* NotificationCenter+Settings.swift */,
			);
			path = NotificationCenterExtentions;
			sourceTree = "<group>";
		};
		AAE5B8532EBAD59100789A4A /* Delegates */ = {
			isa = PBXGroup;
			children = (
				AAE5B84C2EBAD59100789A4A /* AppDelegate.swift */,
				AAE5B84E2EBAD59100789A4A /* LaunchScreen.storyboard */,
				AAE5B8502EBAD59100789A4A /* Main.storyboard */,
				AAE5B8512EBAD59100789A4A /* SceneDelegate.swift */,
				AAE5B8522EBAD59100789A4A /* SHOPPIX.xcdatamodeld */,
			);
			path = Delegates;
			sourceTree = "<group>";
		};
		AAE5B8542EBAD59100789A4A /* Application */ = {
			isa = PBXGroup;
			children = (
				AAE5B8532EBAD59100789A4A /* Delegates */,
			);
			name = Application;
			path = ../../../../../../../Users/nafeaelkassas/Downloads/Application;
			sourceTree = "<group>";
		};
		AE0000981773265EF17F52E8 /* Frameworks */ = {
			isa = PBXGroup;
			children = (
				603011A66045CE00BD905AA5 /* Pods_Shoppix.framework */,
				332912C87E90C7DF052B9118 /* Pods_Shoppix_ShoppixUITests.framework */,
				3B682D27E7B00921FA9ADF68 /* Pods_ShoppixTests.framework */,
			);
			name = Frameworks;
			sourceTree = "<group>";
		};
/* End PBXGroup section */

/* Begin PBXNativeTarget section */
		4F786FCF2EB8DB4A00FD9157 /* Shoppix */ = {
			isa = PBXNativeTarget;
			buildConfigurationList = 4F786FFD2EB8DB5000FD9157 /* Build configuration list for PBXNativeTarget "Shoppix" */;
			buildPhases = (
				29F1EAA5778E85AB020AA304 /* [CP] Check Pods Manifest.lock */,
				4F786FCC2EB8DB4A00FD9157 /* Sources */,
				4F786FCD2EB8DB4A00FD9157 /* Frameworks */,
				4F786FCE2EB8DB4A00FD9157 /* Resources */,
				03B060EB7DE290F496C2C88B /* [CP] Embed Pods Frameworks */,
			);
			buildRules = (
			);
			dependencies = (
			);
			name = Shoppix;
			packageProductDependencies = (
				4F78702E2EB9056700FD9157 /* SDWebImage */,
			);
			productName = Shoppix;
			productReference = 4F786FD02EB8DB4A00FD9157 /* Shoppix.app */;
			productType = "com.apple.product-type.application";
		};
		4F786FE82EB8DB4F00FD9157 /* ShoppixTests */ = {
			isa = PBXNativeTarget;
			buildConfigurationList = 4F7870002EB8DB5000FD9157 /* Build configuration list for PBXNativeTarget "ShoppixTests" */;
			buildPhases = (
				8AB1707FA41B0B0833B31D72 /* [CP] Check Pods Manifest.lock */,
				4F786FE52EB8DB4F00FD9157 /* Sources */,
				4F786FE62EB8DB4F00FD9157 /* Frameworks */,
				4F786FE72EB8DB4F00FD9157 /* Resources */,
			);
			buildRules = (
			);
			dependencies = (
				4F786FEB2EB8DB4F00FD9157 /* PBXTargetDependency */,
			);
			name = ShoppixTests;
			productName = ShoppixTests;
			productReference = 4F786FE92EB8DB4F00FD9157 /* ShoppixTests.xctest */;
			productType = "com.apple.product-type.bundle.unit-test";
		};
		4F786FF22EB8DB4F00FD9157 /* ShoppixUITests */ = {
			isa = PBXNativeTarget;
			buildConfigurationList = 4F7870032EB8DB5000FD9157 /* Build configuration list for PBXNativeTarget "ShoppixUITests" */;
			buildPhases = (
				98BBB7F7642E4181D6AEF96F /* [CP] Check Pods Manifest.lock */,
				4F786FEF2EB8DB4F00FD9157 /* Sources */,
				4F786FF02EB8DB4F00FD9157 /* Frameworks */,
				4F786FF12EB8DB4F00FD9157 /* Resources */,
				D02ACA83865184B6A1EB1279 /* [CP] Embed Pods Frameworks */,
			);
			buildRules = (
			);
			dependencies = (
				4F786FF52EB8DB5000FD9157 /* PBXTargetDependency */,
			);
			name = ShoppixUITests;
			productName = ShoppixUITests;
			productReference = 4F786FF32EB8DB4F00FD9157 /* ShoppixUITests.xctest */;
			productType = "com.apple.product-type.bundle.ui-testing";
		};
/* End PBXNativeTarget section */

/* Begin PBXProject section */
		4F786FC82EB8DB4A00FD9157 /* Project object */ = {
			isa = PBXProject;
			attributes = {
				BuildIndependentTargetsInParallel = 1;
				LastSwiftUpdateCheck = 1310;
				LastUpgradeCheck = 1310;
				TargetAttributes = {
					4F786FCF2EB8DB4A00FD9157 = {
						CreatedOnToolsVersion = 13.1;
					};
					4F786FE82EB8DB4F00FD9157 = {
						CreatedOnToolsVersion = 13.1;
						TestTargetID = 4F786FCF2EB8DB4A00FD9157;
					};
					4F786FF22EB8DB4F00FD9157 = {
						CreatedOnToolsVersion = 13.1;
						TestTargetID = 4F786FCF2EB8DB4A00FD9157;
					};
				};
			};
			buildConfigurationList = 4F786FCB2EB8DB4A00FD9157 /* Build configuration list for PBXProject "Shoppix" */;
			compatibilityVersion = "Xcode 13.0";
			developmentRegion = en;
			hasScannedForEncodings = 0;
			knownRegions = (
				en,
				Base,
			);
			mainGroup = 4F786FC72EB8DB4A00FD9157;
			packageReferences = (
				4F78702D2EB9056700FD9157 /* XCRemoteSwiftPackageReference "SDWebImage" */,
			);
			productRefGroup = 4F786FD12EB8DB4A00FD9157 /* Products */;
			projectDirPath = "";
			projectRoot = "";
			targets = (
				4F786FCF2EB8DB4A00FD9157 /* Shoppix */,
				4F786FE82EB8DB4F00FD9157 /* ShoppixTests */,
				4F786FF22EB8DB4F00FD9157 /* ShoppixUITests */,
			);
		};
/* End PBXProject section */

/* Begin PBXResourcesBuildPhase section */
		4F786FCE2EB8DB4A00FD9157 /* Resources */ = {
			isa = PBXResourcesBuildPhase;
			buildActionMask = 2147483647;
			files = (
				AAE5B7DD2EBA4C3500789A4A /* AboutUsViewController.xib in Resources */,
				AAE5B7AF2EBA4B2D00789A4A /* LoginViewController.xib in Resources */,
				AAE5B7BE2EBA4B2D00789A4A /* ReviewCellTableViewCell.xib in Resources */,
				AAE5B7C02EBA4B2D00789A4A /* ReviewsViewController.xib in Resources */,
				4F7870172EB8F8AC00FD9157 /* LandSceenViewController.xib in Resources */,
				AA5DF0082EBAE85300E72FB2 /* OrdersTableViewCell.xib in Resources */,
				AAE5B8582EBAD59100789A4A /* Main.storyboard in Resources */,
				AAE5B7E92EBA4C3500789A4A /* ContactUsViewController.xib in Resources */,
				AAE5B7E72EBA4C3500789A4A /* AddNewAddressViewController.xib in Resources */,
				AAE5B7B82EBA4B2D00789A4A /* SignUpViewController.xib in Resources */,
				AAE5B7B62EBA4B2D00789A4A /* ForgetBassViewController.xib in Resources */,
				AAE5B7882EBA4B1000789A4A /* GoogleService-Info.plist in Resources */,
				AAE5B7B12EBA4B2D00789A4A /* ProductImageCollectionViewCell.xib in Resources */,
				AAE5B7E02EBA4C3500789A4A /* SettingsViewController.xib in Resources */,
				4F786FE02EB8DB4F00FD9157 /* Assets.xcassets in Resources */,
				AA5DF0002EBAE61800E72FB2 /* ProductCollectionViewCell.xib in Resources */,
				4F78701C2EB8FC0A00FD9157 /* GauestOrUserViewController.xib in Resources */,
				AAE5B7E22EBA4C3500789A4A /* AddressViewController.xib in Resources */,
				AA5DF00A2EBAE85300E72FB2 /* ProfileViewController.xib in Resources */,
				4F78702A2EB9041300FD9157 /* HomeViewController.xib in Resources */,
				AAE5B7B32EBA4B2D00789A4A /* ProductDetailsViewController.xib in Resources */,
				AAE5B8572EBAD59100789A4A /* LaunchScreen.storyboard in Resources */,
				AAE5B7AD2EBA4B2D00789A4A /* FavoriteViewController.xib in Resources */,
				AAE5B7BB2EBA4B2D00789A4A /* ProductsViewController.xib in Resources */,
			);
			runOnlyForDeploymentPostprocessing = 0;
		};
		4F786FE72EB8DB4F00FD9157 /* Resources */ = {
			isa = PBXResourcesBuildPhase;
			buildActionMask = 2147483647;
			files = (
			);
			runOnlyForDeploymentPostprocessing = 0;
		};
		4F786FF12EB8DB4F00FD9157 /* Resources */ = {
			isa = PBXResourcesBuildPhase;
			buildActionMask = 2147483647;
			files = (
			);
			runOnlyForDeploymentPostprocessing = 0;
		};
/* End PBXResourcesBuildPhase section */

/* Begin PBXShellScriptBuildPhase section */
		03B060EB7DE290F496C2C88B /* [CP] Embed Pods Frameworks */ = {
			isa = PBXShellScriptBuildPhase;
			buildActionMask = 2147483647;
			files = (
			);
			inputFileListPaths = (
				"${PODS_ROOT}/Target Support Files/Pods-Shoppix/Pods-Shoppix-frameworks-${CONFIGURATION}-input-files.xcfilelist",
			);
			name = "[CP] Embed Pods Frameworks";
			outputFileListPaths = (
				"${PODS_ROOT}/Target Support Files/Pods-Shoppix/Pods-Shoppix-frameworks-${CONFIGURATION}-output-files.xcfilelist",
			);
			runOnlyForDeploymentPostprocessing = 0;
			shellPath = /bin/sh;
			shellScript = "\"${PODS_ROOT}/Target Support Files/Pods-Shoppix/Pods-Shoppix-frameworks.sh\"\n";
			showEnvVarsInLog = 0;
		};
		29F1EAA5778E85AB020AA304 /* [CP] Check Pods Manifest.lock */ = {
			isa = PBXShellScriptBuildPhase;
			buildActionMask = 2147483647;
			files = (
			);
			inputFileListPaths = (
			);
			inputPaths = (
				"${PODS_PODFILE_DIR_PATH}/Podfile.lock",
				"${PODS_ROOT}/Manifest.lock",
			);
			name = "[CP] Check Pods Manifest.lock";
			outputFileListPaths = (
			);
			outputPaths = (
				"$(DERIVED_FILE_DIR)/Pods-Shoppix-checkManifestLockResult.txt",
			);
			runOnlyForDeploymentPostprocessing = 0;
			shellPath = /bin/sh;
			shellScript = "diff \"${PODS_PODFILE_DIR_PATH}/Podfile.lock\" \"${PODS_ROOT}/Manifest.lock\" > /dev/null\nif [ $? != 0 ] ; then\n    # print error to STDERR\n    echo \"error: The sandbox is not in sync with the Podfile.lock. Run 'pod install' or update your CocoaPods installation.\" >&2\n    exit 1\nfi\n# This output is used by Xcode 'outputs' to avoid re-running this script phase.\necho \"SUCCESS\" > \"${SCRIPT_OUTPUT_FILE_0}\"\n";
			showEnvVarsInLog = 0;
		};
		8AB1707FA41B0B0833B31D72 /* [CP] Check Pods Manifest.lock */ = {
			isa = PBXShellScriptBuildPhase;
			buildActionMask = 2147483647;
			files = (
			);
			inputFileListPaths = (
			);
			inputPaths = (
				"${PODS_PODFILE_DIR_PATH}/Podfile.lock",
				"${PODS_ROOT}/Manifest.lock",
			);
			name = "[CP] Check Pods Manifest.lock";
			outputFileListPaths = (
			);
			outputPaths = (
				"$(DERIVED_FILE_DIR)/Pods-ShoppixTests-checkManifestLockResult.txt",
			);
			runOnlyForDeploymentPostprocessing = 0;
			shellPath = /bin/sh;
			shellScript = "diff \"${PODS_PODFILE_DIR_PATH}/Podfile.lock\" \"${PODS_ROOT}/Manifest.lock\" > /dev/null\nif [ $? != 0 ] ; then\n    # print error to STDERR\n    echo \"error: The sandbox is not in sync with the Podfile.lock. Run 'pod install' or update your CocoaPods installation.\" >&2\n    exit 1\nfi\n# This output is used by Xcode 'outputs' to avoid re-running this script phase.\necho \"SUCCESS\" > \"${SCRIPT_OUTPUT_FILE_0}\"\n";
			showEnvVarsInLog = 0;
		};
		98BBB7F7642E4181D6AEF96F /* [CP] Check Pods Manifest.lock */ = {
			isa = PBXShellScriptBuildPhase;
			buildActionMask = 2147483647;
			files = (
			);
			inputFileListPaths = (
			);
			inputPaths = (
				"${PODS_PODFILE_DIR_PATH}/Podfile.lock",
				"${PODS_ROOT}/Manifest.lock",
			);
			name = "[CP] Check Pods Manifest.lock";
			outputFileListPaths = (
			);
			outputPaths = (
				"$(DERIVED_FILE_DIR)/Pods-Shoppix-ShoppixUITests-checkManifestLockResult.txt",
			);
			runOnlyForDeploymentPostprocessing = 0;
			shellPath = /bin/sh;
			shellScript = "diff \"${PODS_PODFILE_DIR_PATH}/Podfile.lock\" \"${PODS_ROOT}/Manifest.lock\" > /dev/null\nif [ $? != 0 ] ; then\n    # print error to STDERR\n    echo \"error: The sandbox is not in sync with the Podfile.lock. Run 'pod install' or update your CocoaPods installation.\" >&2\n    exit 1\nfi\n# This output is used by Xcode 'outputs' to avoid re-running this script phase.\necho \"SUCCESS\" > \"${SCRIPT_OUTPUT_FILE_0}\"\n";
			showEnvVarsInLog = 0;
		};
		D02ACA83865184B6A1EB1279 /* [CP] Embed Pods Frameworks */ = {
			isa = PBXShellScriptBuildPhase;
			buildActionMask = 2147483647;
			files = (
			);
			inputFileListPaths = (
				"${PODS_ROOT}/Target Support Files/Pods-Shoppix-ShoppixUITests/Pods-Shoppix-ShoppixUITests-frameworks-${CONFIGURATION}-input-files.xcfilelist",
			);
			name = "[CP] Embed Pods Frameworks";
			outputFileListPaths = (
				"${PODS_ROOT}/Target Support Files/Pods-Shoppix-ShoppixUITests/Pods-Shoppix-ShoppixUITests-frameworks-${CONFIGURATION}-output-files.xcfilelist",
			);
			runOnlyForDeploymentPostprocessing = 0;
			shellPath = /bin/sh;
			shellScript = "\"${PODS_ROOT}/Target Support Files/Pods-Shoppix-ShoppixUITests/Pods-Shoppix-ShoppixUITests-frameworks.sh\"\n";
			showEnvVarsInLog = 0;
		};
/* End PBXShellScriptBuildPhase section */

/* Begin PBXSourcesBuildPhase section */
		4F786FCC2EB8DB4A00FD9157 /* Sources */ = {
			isa = PBXSourcesBuildPhase;
			buildActionMask = 2147483647;
			files = (
				AAE5B7B72EBA4B2D00789A4A /* SignUpViewController.swift in Sources */,
				4F7870202EB903CE00FD9157 /* HomeTabBarViewController.swift in Sources */,
				AAE5B85A2EBAD59100789A4A /* SHOPPIX.xcdatamodeld in Sources */,
				AAE5B7842EBA4B1000789A4A /* CheckInternet.swift in Sources */,
				4F7870292EB9041300FD9157 /* SmartCollectionModel.swift in Sources */,
				AAE5B7DE2EBA4C3500789A4A /* SettingsViewModel.swift in Sources */,
				AAE5B7B42EBA4B2D00789A4A /* ProductDetailViewModel.swift in Sources */,
				AAE5B7E42EBA4C3500789A4A /* CountryData.swift in Sources */,
				4F78701B2EB8FC0A00FD9157 /* GauestOrUserViewController.swift in Sources */,
				AAE5B7BD2EBA4B2D00789A4A /* ReviewCellTableViewCell.swift in Sources */,
				AAE5B7B22EBA4B2D00789A4A /* ProductDetailsViewController.swift in Sources */,
				4F78702C2EB9041300FD9157 /* HomeViewModel.swift in Sources */,
				AAE5B7AC2EBA4B2D00789A4A /* FavoriteViewController.swift in Sources */,
				AAE5B8562EBAD59100789A4A /* AppDelegate.swift in Sources */,
				AAE5B7E82EBA4C3500789A4A /* ContactUsViewController.swift in Sources */,
				4F786FD82EB8DB4A00FD9157 /* ViewController.swift in Sources */,
				AAE5B7B52EBA4B2D00789A4A /* ForgetBassViewController.swift in Sources */,
				AAE5B7852EBA4B1000789A4A /* Session.swift in Sources */,
				AA5DEFFF2EBAE61800E72FB2 /* ProductCollectionViewCell.swift in Sources */,
				AAE5B8342EBA5B0000789A4A /* NotificationCenter+Settings.swift in Sources */,
				AAE5B7862EBA4B1000789A4A /* Extension.swift in Sources */,
				4F78702B2EB9041300FD9157 /* HomeViewController.swift in Sources */,
				AA5DF0092EBAE85300E72FB2 /* ProfileViewController.swift in Sources */,
				AAE5B7E62EBA4C3500789A4A /* AddNewAddressViewController.swift in Sources */,
				AAE5B7E32EBA4C3500789A4A /* AddressService.swift in Sources */,
				AAE5B7DC2EBA4C3500789A4A /* AboutUsViewController.swift in Sources */,
				AAE5B7DF2EBA4C3500789A4A /* SettingsViewController.swift in Sources */,
				AAE5B7AE2EBA4B2D00789A4A /* LoginViewController.swift in Sources */,
				AAE5B7BA2EBA4B2D00789A4A /* ProductsViewController.swift in Sources */,
				AA5DF0072EBAE85300E72FB2 /* OrdersTableViewCell.swift in Sources */,
				AAE5B7B92EBA4B2D00789A4A /* ProductModel.swift in Sources */,
				AAE5B7872EBA4B1000789A4A /* NetworkManager.swift in Sources */,
				AAE5B7E52EBA4C3500789A4A /* AddNewAddressViewModel.swift in Sources */,
				AAE5B7BF2EBA4B2D00789A4A /* ReviewsViewController.swift in Sources */,
				AAE5B7E12EBA4C3500789A4A /* AddressViewController.swift in Sources */,
				4F786FDE2EB8DB4A00FD9157 /* Shoppix.xcdatamodeld in Sources */,
				AAE5B7B02EBA4B2D00789A4A /* ProductImageCollectionViewCell.swift in Sources */,
				4F7870162EB8F8AC00FD9157 /* LandSceenViewController.swift in Sources */,
				AAE5B8592EBAD59100789A4A /* SceneDelegate.swift in Sources */,
				AAE5B7BC2EBA4B2D00789A4A /* ProductViewModel.swift in Sources */,
			);
			runOnlyForDeploymentPostprocessing = 0;
		};
		4F786FE52EB8DB4F00FD9157 /* Sources */ = {
			isa = PBXSourcesBuildPhase;
			buildActionMask = 2147483647;
			files = (
				4F786FEE2EB8DB4F00FD9157 /* ShoppixTests.swift in Sources */,
			);
			runOnlyForDeploymentPostprocessing = 0;
		};
		4F786FEF2EB8DB4F00FD9157 /* Sources */ = {
			isa = PBXSourcesBuildPhase;
			buildActionMask = 2147483647;
			files = (
				4F786FFA2EB8DB5000FD9157 /* ShoppixUITestsLaunchTests.swift in Sources */,
				4F786FF82EB8DB5000FD9157 /* ShoppixUITests.swift in Sources */,
			);
			runOnlyForDeploymentPostprocessing = 0;
		};
/* End PBXSourcesBuildPhase section */

/* Begin PBXTargetDependency section */
		4F786FEB2EB8DB4F00FD9157 /* PBXTargetDependency */ = {
			isa = PBXTargetDependency;
			target = 4F786FCF2EB8DB4A00FD9157 /* Shoppix */;
			targetProxy = 4F786FEA2EB8DB4F00FD9157 /* PBXContainerItemProxy */;
		};
		4F786FF52EB8DB5000FD9157 /* PBXTargetDependency */ = {
			isa = PBXTargetDependency;
			target = 4F786FCF2EB8DB4A00FD9157 /* Shoppix */;
			targetProxy = 4F786FF42EB8DB5000FD9157 /* PBXContainerItemProxy */;
		};
/* End PBXTargetDependency section */

/* Begin PBXVariantGroup section */
		AAE5B84E2EBAD59100789A4A /* LaunchScreen.storyboard */ = {
			isa = PBXVariantGroup;
			children = (
				AAE5B84D2EBAD59100789A4A /* Base */,
			);
			name = LaunchScreen.storyboard;
			sourceTree = "<group>";
		};
		AAE5B8502EBAD59100789A4A /* Main.storyboard */ = {
			isa = PBXVariantGroup;
			children = (
				AAE5B84F2EBAD59100789A4A /* Base */,
			);
			name = Main.storyboard;
			sourceTree = "<group>";
		};
/* End PBXVariantGroup section */

/* Begin XCBuildConfiguration section */
		4F786FFB2EB8DB5000FD9157 /* Debug */ = {
			isa = XCBuildConfiguration;
			buildSettings = {
				ALWAYS_SEARCH_USER_PATHS = NO;
				CLANG_ANALYZER_NONNULL = YES;
				CLANG_ANALYZER_NUMBER_OBJECT_CONVERSION = YES_AGGRESSIVE;
				CLANG_CXX_LANGUAGE_STANDARD = "gnu++17";
				CLANG_CXX_LIBRARY = "libc++";
				CLANG_ENABLE_MODULES = YES;
				CLANG_ENABLE_OBJC_ARC = YES;
				CLANG_ENABLE_OBJC_WEAK = YES;
				CLANG_WARN_BLOCK_CAPTURE_AUTORELEASING = YES;
				CLANG_WARN_BOOL_CONVERSION = YES;
				CLANG_WARN_COMMA = YES;
				CLANG_WARN_CONSTANT_CONVERSION = YES;
				CLANG_WARN_DEPRECATED_OBJC_IMPLEMENTATIONS = YES;
				CLANG_WARN_DIRECT_OBJC_ISA_USAGE = YES_ERROR;
				CLANG_WARN_DOCUMENTATION_COMMENTS = YES;
				CLANG_WARN_EMPTY_BODY = YES;
				CLANG_WARN_ENUM_CONVERSION = YES;
				CLANG_WARN_INFINITE_RECURSION = YES;
				CLANG_WARN_INT_CONVERSION = YES;
				CLANG_WARN_NON_LITERAL_NULL_CONVERSION = YES;
				CLANG_WARN_OBJC_IMPLICIT_RETAIN_SELF = YES;
				CLANG_WARN_OBJC_LITERAL_CONVERSION = YES;
				CLANG_WARN_OBJC_ROOT_CLASS = YES_ERROR;
				CLANG_WARN_QUOTED_INCLUDE_IN_FRAMEWORK_HEADER = YES;
				CLANG_WARN_RANGE_LOOP_ANALYSIS = YES;
				CLANG_WARN_STRICT_PROTOTYPES = YES;
				CLANG_WARN_SUSPICIOUS_MOVE = YES;
				CLANG_WARN_UNGUARDED_AVAILABILITY = YES_AGGRESSIVE;
				CLANG_WARN_UNREACHABLE_CODE = YES;
				CLANG_WARN__DUPLICATE_METHOD_MATCH = YES;
				COPY_PHASE_STRIP = NO;
				DEBUG_INFORMATION_FORMAT = dwarf;
				ENABLE_STRICT_OBJC_MSGSEND = YES;
				ENABLE_TESTABILITY = YES;
				GCC_C_LANGUAGE_STANDARD = gnu11;
				GCC_DYNAMIC_NO_PIC = NO;
				GCC_NO_COMMON_BLOCKS = YES;
				GCC_OPTIMIZATION_LEVEL = 0;
				GCC_PREPROCESSOR_DEFINITIONS = (
					"DEBUG=1",
					"$(inherited)",
				);
				GCC_WARN_64_TO_32_BIT_CONVERSION = YES;
				GCC_WARN_ABOUT_RETURN_TYPE = YES_ERROR;
				GCC_WARN_UNDECLARED_SELECTOR = YES;
				GCC_WARN_UNINITIALIZED_AUTOS = YES_AGGRESSIVE;
				GCC_WARN_UNUSED_FUNCTION = YES;
				GCC_WARN_UNUSED_VARIABLE = YES;
				IPHONEOS_DEPLOYMENT_TARGET = 15.0;
				MTL_ENABLE_DEBUG_INFO = INCLUDE_SOURCE;
				MTL_FAST_MATH = YES;
				ONLY_ACTIVE_ARCH = YES;
				SDKROOT = iphoneos;
				SWIFT_ACTIVE_COMPILATION_CONDITIONS = DEBUG;
				SWIFT_OPTIMIZATION_LEVEL = "-Onone";
			};
			name = Debug;
		};
		4F786FFC2EB8DB5000FD9157 /* Release */ = {
			isa = XCBuildConfiguration;
			buildSettings = {
				ALWAYS_SEARCH_USER_PATHS = NO;
				CLANG_ANALYZER_NONNULL = YES;
				CLANG_ANALYZER_NUMBER_OBJECT_CONVERSION = YES_AGGRESSIVE;
				CLANG_CXX_LANGUAGE_STANDARD = "gnu++17";
				CLANG_CXX_LIBRARY = "libc++";
				CLANG_ENABLE_MODULES = YES;
				CLANG_ENABLE_OBJC_ARC = YES;
				CLANG_ENABLE_OBJC_WEAK = YES;
				CLANG_WARN_BLOCK_CAPTURE_AUTORELEASING = YES;
				CLANG_WARN_BOOL_CONVERSION = YES;
				CLANG_WARN_COMMA = YES;
				CLANG_WARN_CONSTANT_CONVERSION = YES;
				CLANG_WARN_DEPRECATED_OBJC_IMPLEMENTATIONS = YES;
				CLANG_WARN_DIRECT_OBJC_ISA_USAGE = YES_ERROR;
				CLANG_WARN_DOCUMENTATION_COMMENTS = YES;
				CLANG_WARN_EMPTY_BODY = YES;
				CLANG_WARN_ENUM_CONVERSION = YES;
				CLANG_WARN_INFINITE_RECURSION = YES;
				CLANG_WARN_INT_CONVERSION = YES;
				CLANG_WARN_NON_LITERAL_NULL_CONVERSION = YES;
				CLANG_WARN_OBJC_IMPLICIT_RETAIN_SELF = YES;
				CLANG_WARN_OBJC_LITERAL_CONVERSION = YES;
				CLANG_WARN_OBJC_ROOT_CLASS = YES_ERROR;
				CLANG_WARN_QUOTED_INCLUDE_IN_FRAMEWORK_HEADER = YES;
				CLANG_WARN_RANGE_LOOP_ANALYSIS = YES;
				CLANG_WARN_STRICT_PROTOTYPES = YES;
				CLANG_WARN_SUSPICIOUS_MOVE = YES;
				CLANG_WARN_UNGUARDED_AVAILABILITY = YES_AGGRESSIVE;
				CLANG_WARN_UNREACHABLE_CODE = YES;
				CLANG_WARN__DUPLICATE_METHOD_MATCH = YES;
				COPY_PHASE_STRIP = NO;
				DEBUG_INFORMATION_FORMAT = "dwarf-with-dsym";
				ENABLE_NS_ASSERTIONS = NO;
				ENABLE_STRICT_OBJC_MSGSEND = YES;
				GCC_C_LANGUAGE_STANDARD = gnu11;
				GCC_NO_COMMON_BLOCKS = YES;
				GCC_WARN_64_TO_32_BIT_CONVERSION = YES;
				GCC_WARN_ABOUT_RETURN_TYPE = YES_ERROR;
				GCC_WARN_UNDECLARED_SELECTOR = YES;
				GCC_WARN_UNINITIALIZED_AUTOS = YES_AGGRESSIVE;
				GCC_WARN_UNUSED_FUNCTION = YES;
				GCC_WARN_UNUSED_VARIABLE = YES;
				IPHONEOS_DEPLOYMENT_TARGET = 15.0;
				MTL_ENABLE_DEBUG_INFO = NO;
				MTL_FAST_MATH = YES;
				SDKROOT = iphoneos;
				SWIFT_COMPILATION_MODE = wholemodule;
				SWIFT_OPTIMIZATION_LEVEL = "-O";
				VALIDATE_PRODUCT = YES;
			};
			name = Release;
		};
		4F786FFE2EB8DB5000FD9157 /* Debug */ = {
			isa = XCBuildConfiguration;
			baseConfigurationReference = 486DD44B48AAF3E5F508C050 /* Pods-Shoppix.debug.xcconfig */;
			buildSettings = {
				ASSETCATALOG_COMPILER_APPICON_NAME = AppIcon;
				ASSETCATALOG_COMPILER_GLOBAL_ACCENT_COLOR_NAME = AccentColor;
				CODE_SIGN_STYLE = Automatic;
				CURRENT_PROJECT_VERSION = 1;
				DEVELOPMENT_TEAM = 25WP27S325;
				GENERATE_INFOPLIST_FILE = YES;
				INFOPLIST_FILE = Shoppix/Info.plist;
				INFOPLIST_KEY_UIApplicationSupportsIndirectInputEvents = YES;
				INFOPLIST_KEY_UILaunchStoryboardName = LaunchScreen;
				INFOPLIST_KEY_UIMainStoryboardFile = Main;
				INFOPLIST_KEY_UISupportedInterfaceOrientations = UIInterfaceOrientationPortrait;
				INFOPLIST_KEY_UISupportedInterfaceOrientations_iPad = "UIInterfaceOrientationPortrait UIInterfaceOrientationPortraitUpsideDown UIInterfaceOrientationLandscapeLeft UIInterfaceOrientationLandscapeRight";
				INFOPLIST_KEY_UISupportedInterfaceOrientations_iPhone = "UIInterfaceOrientationPortrait UIInterfaceOrientationLandscapeLeft UIInterfaceOrientationLandscapeRight";
				LD_RUNPATH_SEARCH_PATHS = (
					"$(inherited)",
					"@executable_path/Frameworks",
				);
				MARKETING_VERSION = 1.0;
				PRODUCT_BUNDLE_IDENTIFIER = "adham-ragap.Shoppix";
				PRODUCT_NAME = "$(TARGET_NAME)";
				SWIFT_EMIT_LOC_STRINGS = YES;
				SWIFT_VERSION = 5.0;
				TARGETED_DEVICE_FAMILY = "1,2";
			};
			name = Debug;
		};
		4F786FFF2EB8DB5000FD9157 /* Release */ = {
			isa = XCBuildConfiguration;
			baseConfigurationReference = D303CDE8D44F09B22B4A9DFC /* Pods-Shoppix.release.xcconfig */;
			buildSettings = {
				ASSETCATALOG_COMPILER_APPICON_NAME = AppIcon;
				ASSETCATALOG_COMPILER_GLOBAL_ACCENT_COLOR_NAME = AccentColor;
				CODE_SIGN_STYLE = Automatic;
				CURRENT_PROJECT_VERSION = 1;
				DEVELOPMENT_TEAM = 25WP27S325;
				GENERATE_INFOPLIST_FILE = YES;
				INFOPLIST_FILE = Shoppix/Info.plist;
				INFOPLIST_KEY_UIApplicationSupportsIndirectInputEvents = YES;
				INFOPLIST_KEY_UILaunchStoryboardName = LaunchScreen;
				INFOPLIST_KEY_UIMainStoryboardFile = Main;
				INFOPLIST_KEY_UISupportedInterfaceOrientations = UIInterfaceOrientationPortrait;
				INFOPLIST_KEY_UISupportedInterfaceOrientations_iPad = "UIInterfaceOrientationPortrait UIInterfaceOrientationPortraitUpsideDown UIInterfaceOrientationLandscapeLeft UIInterfaceOrientationLandscapeRight";
				INFOPLIST_KEY_UISupportedInterfaceOrientations_iPhone = "UIInterfaceOrientationPortrait UIInterfaceOrientationLandscapeLeft UIInterfaceOrientationLandscapeRight";
				LD_RUNPATH_SEARCH_PATHS = (
					"$(inherited)",
					"@executable_path/Frameworks",
				);
				MARKETING_VERSION = 1.0;
				PRODUCT_BUNDLE_IDENTIFIER = "adham-ragap.Shoppix";
				PRODUCT_NAME = "$(TARGET_NAME)";
				SWIFT_EMIT_LOC_STRINGS = YES;
				SWIFT_VERSION = 5.0;
				TARGETED_DEVICE_FAMILY = "1,2";
			};
			name = Release;
		};
		4F7870012EB8DB5000FD9157 /* Debug */ = {
			isa = XCBuildConfiguration;
			baseConfigurationReference = 94482A64B27E68AC5846ECF1 /* Pods-ShoppixTests.debug.xcconfig */;
			buildSettings = {
				ALWAYS_EMBED_SWIFT_STANDARD_LIBRARIES = YES;
				BUNDLE_LOADER = "$(TEST_HOST)";
				CODE_SIGN_STYLE = Automatic;
				CURRENT_PROJECT_VERSION = 1;
				DEVELOPMENT_TEAM = 25WP27S325;
				GENERATE_INFOPLIST_FILE = YES;
				IPHONEOS_DEPLOYMENT_TARGET = 15.0;
				LD_RUNPATH_SEARCH_PATHS = (
					"$(inherited)",
					"@executable_path/Frameworks",
					"@loader_path/Frameworks",
				);
				MARKETING_VERSION = 1.0;
				PRODUCT_BUNDLE_IDENTIFIER = "adham-ragap.ShoppixTests";
				PRODUCT_NAME = "$(TARGET_NAME)";
				SWIFT_EMIT_LOC_STRINGS = NO;
				SWIFT_VERSION = 5.0;
				TARGETED_DEVICE_FAMILY = "1,2";
				TEST_HOST = "$(BUILT_PRODUCTS_DIR)/Shoppix.app/Shoppix";
			};
			name = Debug;
		};
		4F7870022EB8DB5000FD9157 /* Release */ = {
			isa = XCBuildConfiguration;
			baseConfigurationReference = B98BB0DFFDC1DDEDD70A6DD3 /* Pods-ShoppixTests.release.xcconfig */;
			buildSettings = {
				ALWAYS_EMBED_SWIFT_STANDARD_LIBRARIES = YES;
				BUNDLE_LOADER = "$(TEST_HOST)";
				CODE_SIGN_STYLE = Automatic;
				CURRENT_PROJECT_VERSION = 1;
				DEVELOPMENT_TEAM = 25WP27S325;
				GENERATE_INFOPLIST_FILE = YES;
				IPHONEOS_DEPLOYMENT_TARGET = 15.0;
				LD_RUNPATH_SEARCH_PATHS = (
					"$(inherited)",
					"@executable_path/Frameworks",
					"@loader_path/Frameworks",
				);
				MARKETING_VERSION = 1.0;
				PRODUCT_BUNDLE_IDENTIFIER = "adham-ragap.ShoppixTests";
				PRODUCT_NAME = "$(TARGET_NAME)";
				SWIFT_EMIT_LOC_STRINGS = NO;
				SWIFT_VERSION = 5.0;
				TARGETED_DEVICE_FAMILY = "1,2";
				TEST_HOST = "$(BUILT_PRODUCTS_DIR)/Shoppix.app/Shoppix";
			};
			name = Release;
		};
		4F7870042EB8DB5000FD9157 /* Debug */ = {
			isa = XCBuildConfiguration;
			baseConfigurationReference = 735FFA15C40C13A7FC5BE0F9 /* Pods-Shoppix-ShoppixUITests.debug.xcconfig */;
			buildSettings = {
				ALWAYS_EMBED_SWIFT_STANDARD_LIBRARIES = YES;
				CODE_SIGN_STYLE = Automatic;
				CURRENT_PROJECT_VERSION = 1;
				DEVELOPMENT_TEAM = 25WP27S325;
				GENERATE_INFOPLIST_FILE = YES;
				LD_RUNPATH_SEARCH_PATHS = (
					"$(inherited)",
					"@executable_path/Frameworks",
					"@loader_path/Frameworks",
				);
				MARKETING_VERSION = 1.0;
				PRODUCT_BUNDLE_IDENTIFIER = "adham-ragap.ShoppixUITests";
				PRODUCT_NAME = "$(TARGET_NAME)";
				SWIFT_EMIT_LOC_STRINGS = NO;
				SWIFT_VERSION = 5.0;
				TARGETED_DEVICE_FAMILY = "1,2";
				TEST_TARGET_NAME = Shoppix;
			};
			name = Debug;
		};
		4F7870052EB8DB5000FD9157 /* Release */ = {
			isa = XCBuildConfiguration;
			baseConfigurationReference = 5B6166D110BC142C296F5C4E /* Pods-Shoppix-ShoppixUITests.release.xcconfig */;
			buildSettings = {
				ALWAYS_EMBED_SWIFT_STANDARD_LIBRARIES = YES;
				CODE_SIGN_STYLE = Automatic;
				CURRENT_PROJECT_VERSION = 1;
				DEVELOPMENT_TEAM = 25WP27S325;
				GENERATE_INFOPLIST_FILE = YES;
				LD_RUNPATH_SEARCH_PATHS = (
					"$(inherited)",
					"@executable_path/Frameworks",
					"@loader_path/Frameworks",
				);
				MARKETING_VERSION = 1.0;
				PRODUCT_BUNDLE_IDENTIFIER = "adham-ragap.ShoppixUITests";
				PRODUCT_NAME = "$(TARGET_NAME)";
				SWIFT_EMIT_LOC_STRINGS = NO;
				SWIFT_VERSION = 5.0;
				TARGETED_DEVICE_FAMILY = "1,2";
				TEST_TARGET_NAME = Shoppix;
			};
			name = Release;
		};
/* End XCBuildConfiguration section */

/* Begin XCConfigurationList section */
		4F786FCB2EB8DB4A00FD9157 /* Build configuration list for PBXProject "Shoppix" */ = {
			isa = XCConfigurationList;
			buildConfigurations = (
				4F786FFB2EB8DB5000FD9157 /* Debug */,
				4F786FFC2EB8DB5000FD9157 /* Release */,
			);
			defaultConfigurationIsVisible = 0;
			defaultConfigurationName = Release;
		};
		4F786FFD2EB8DB5000FD9157 /* Build configuration list for PBXNativeTarget "Shoppix" */ = {
			isa = XCConfigurationList;
			buildConfigurations = (
				4F786FFE2EB8DB5000FD9157 /* Debug */,
				4F786FFF2EB8DB5000FD9157 /* Release */,
			);
			defaultConfigurationIsVisible = 0;
			defaultConfigurationName = Release;
		};
		4F7870002EB8DB5000FD9157 /* Build configuration list for PBXNativeTarget "ShoppixTests" */ = {
			isa = XCConfigurationList;
			buildConfigurations = (
				4F7870012EB8DB5000FD9157 /* Debug */,
				4F7870022EB8DB5000FD9157 /* Release */,
			);
			defaultConfigurationIsVisible = 0;
			defaultConfigurationName = Release;
		};
		4F7870032EB8DB5000FD9157 /* Build configuration list for PBXNativeTarget "ShoppixUITests" */ = {
			isa = XCConfigurationList;
			buildConfigurations = (
				4F7870042EB8DB5000FD9157 /* Debug */,
				4F7870052EB8DB5000FD9157 /* Release */,
			);
			defaultConfigurationIsVisible = 0;
			defaultConfigurationName = Release;
		};
/* End XCConfigurationList section */

/* Begin XCRemoteSwiftPackageReference section */
		4F78702D2EB9056700FD9157 /* XCRemoteSwiftPackageReference "SDWebImage" */ = {
			isa = XCRemoteSwiftPackageReference;
			repositoryURL = "https://github.com/SDWebImage/SDWebImage";
			requirement = {
				kind = exactVersion;
				version = 5.12.0;
			};
		};
/* End XCRemoteSwiftPackageReference section */

/* Begin XCSwiftPackageProductDependency section */
		4F78702E2EB9056700FD9157 /* SDWebImage */ = {
			isa = XCSwiftPackageProductDependency;
			package = 4F78702D2EB9056700FD9157 /* XCRemoteSwiftPackageReference "SDWebImage" */;
			productName = SDWebImage;
		};
/* End XCSwiftPackageProductDependency section */

/* Begin XCVersionGroup section */
		4F786FDC2EB8DB4A00FD9157 /* Shoppix.xcdatamodeld */ = {
			isa = XCVersionGroup;
			children = (
				4F786FDD2EB8DB4A00FD9157 /* Shoppix.xcdatamodel */,
			);
			currentVersion = 4F786FDD2EB8DB4A00FD9157 /* Shoppix.xcdatamodel */;
			path = Shoppix.xcdatamodeld;
			sourceTree = "<group>";
			versionGroupType = wrapper.xcdatamodel;
		};
		AAE5B8522EBAD59100789A4A /* SHOPPIX.xcdatamodeld */ = {
			isa = XCVersionGroup;
			children = (
				AAE5B8552EBAD59100789A4A /* SHOPPIX.xcdatamodel */,
			);
			currentVersion = AAE5B8552EBAD59100789A4A /* SHOPPIX.xcdatamodel */;
			name = SHOPPIX.xcdatamodeld;
			path = /Users/nafeaelkassas/Downloads/Application/Delegates/SHOPPIX.xcdatamodeld;
			sourceTree = "<group>";
			versionGroupType = wrapper.xcdatamodel;
		};
/* End XCVersionGroup section */
	};
	rootObject = 4F786FC82EB8DB4A00FD9157 /* Project object */;
}
