// !$*UTF8*$!
{
	archiveVersion = 1;
	classes = {
	};
	objectVersion = 56;
	objects = {

/* Begin PBXBuildFile section */
		239C54C62EB7B56A00B49390 /* AppDelegate.swift in Sources */ = {isa = PBXBuildFile; fileRef = 239C54C52EB7B56A00B49390 /* AppDelegate.swift */; };
		239C54C82EB7B56A00B49390 /* SceneDelegate.swift in Sources */ = {isa = PBXBuildFile; fileRef = 239C54C72EB7B56A00B49390 /* SceneDelegate.swift */; };
		239C54CA2EB7B56A00B49390 /* ViewController.swift in Sources */ = {isa = PBXBuildFile; fileRef = 239C54C92EB7B56A00B49390 /* ViewController.swift */; };
		239C54CD2EB7B56A00B49390 /* Main.storyboard in Resources */ = {isa = PBXBuildFile; fileRef = 239C54CB2EB7B56A00B49390 /* Main.storyboard */; };
		239C54CF2EB7B56D00B49390 /* Assets.xcassets in Resources */ = {isa = PBXBuildFile; fileRef = 239C54CE2EB7B56D00B49390 /* Assets.xcassets */; };
		239C54D22EB7B56D00B49390 /* LaunchScreen.storyboard in Resources */ = {isa = PBXBuildFile; fileRef = 239C54D02EB7B56D00B49390 /* LaunchScreen.storyboard */; };
		239C54DD2EB7B56E00B49390 /* ShoppixTests.swift in Sources */ = {isa = PBXBuildFile; fileRef = 239C54DC2EB7B56E00B49390 /* ShoppixTests.swift */; };
		239C54E72EB7B56E00B49390 /* ShoppixUITests.swift in Sources */ = {isa = PBXBuildFile; fileRef = 239C54E62EB7B56E00B49390 /* ShoppixUITests.swift */; };
		239C54E92EB7B56E00B49390 /* ShoppixUITestsLaunchTests.swift in Sources */ = {isa = PBXBuildFile; fileRef = 239C54E82EB7B56E00B49390 /* ShoppixUITestsLaunchTests.swift */; };
/* End PBXBuildFile section */

/* Begin PBXContainerItemProxy section */
		239C54D92EB7B56E00B49390 /* PBXContainerItemProxy */ = {
			isa = PBXContainerItemProxy;
			containerPortal = 239C54BA2EB7B56A00B49390 /* Project object */;
			proxyType = 1;
			remoteGlobalIDString = 239C54C12EB7B56A00B49390;
			remoteInfo = Shoppix;
		};
		239C54E32EB7B56E00B49390 /* PBXContainerItemProxy */ = {
			isa = PBXContainerItemProxy;
			containerPortal = 239C54BA2EB7B56A00B49390 /* Project object */;
			proxyType = 1;
			remoteGlobalIDString = 239C54C12EB7B56A00B49390;
			remoteInfo = Shoppix;
		};
/* End PBXContainerItemProxy section */

/* Begin PBXFileReference section */
		239C54C22EB7B56A00B49390 /* Shoppix.app */ = {isa = PBXFileReference; explicitFileType = wrapper.application; includeInIndex = 0; path = Shoppix.app; sourceTree = BUILT_PRODUCTS_DIR; };
		239C54C52EB7B56A00B49390 /* AppDelegate.swift */ = {isa = PBXFileReference; lastKnownFileType = sourcecode.swift; path = AppDelegate.swift; sourceTree = "<group>"; };
		239C54C72EB7B56A00B49390 /* SceneDelegate.swift */ = {isa = PBXFileReference; lastKnownFileType = sourcecode.swift; path = SceneDelegate.swift; sourceTree = "<group>"; };
		239C54C92EB7B56A00B49390 /* ViewController.swift */ = {isa = PBXFileReference; lastKnownFileType = sourcecode.swift; path = ViewController.swift; sourceTree = "<group>"; };
		239C54CC2EB7B56A00B49390 /* Base */ = {isa = PBXFileReference; lastKnownFileType = file.storyboard; name = Base; path = Base.lproj/Main.storyboard; sourceTree = "<group>"; };
		239C54CE2EB7B56D00B49390 /* Assets.xcassets */ = {isa = PBXFileReference; lastKnownFileType = folder.assetcatalog; path = Assets.xcassets; sourceTree = "<group>"; };
		239C54D12EB7B56D00B49390 /* Base */ = {isa = PBXFileReference; lastKnownFileType = file.storyboard; name = Base; path = Base.lproj/LaunchScreen.storyboard; sourceTree = "<group>"; };
		239C54D32EB7B56D00B49390 /* Info.plist */ = {isa = PBXFileReference; lastKnownFileType = text.plist.xml; path = Info.plist; sourceTree = "<group>"; };
		239C54D82EB7B56E00B49390 /* ShoppixTests.xctest */ = {isa = PBXFileReference; explicitFileType = wrapper.cfbundle; includeInIndex = 0; path = ShoppixTests.xctest; sourceTree = BUILT_PRODUCTS_DIR; };
		239C54DC2EB7B56E00B49390 /* ShoppixTests.swift */ = {isa = PBXFileReference; lastKnownFileType = sourcecode.swift; path = ShoppixTests.swift; sourceTree = "<group>"; };
		239C54E22EB7B56E00B49390 /* ShoppixUITests.xctest */ = {isa = PBXFileReference; explicitFileType = wrapper.cfbundle; includeInIndex = 0; path = ShoppixUITests.xctest; sourceTree = BUILT_PRODUCTS_DIR; };
		239C54E62EB7B56E00B49390 /* ShoppixUITests.swift */ = {isa = PBXFileReference; lastKnownFileType = sourcecode.swift; path = ShoppixUITests.swift; sourceTree = "<group>"; };
		239C54E82EB7B56E00B49390 /* ShoppixUITestsLaunchTests.swift */ = {isa = PBXFileReference; lastKnownFileType = sourcecode.swift; path = ShoppixUITestsLaunchTests.swift; sourceTree = "<group>"; };
/* End PBXFileReference section */

/* Begin PBXFrameworksBuildPhase section */
		239C54BF2EB7B56A00B49390 /* Frameworks */ = {
			isa = PBXFrameworksBuildPhase;
			buildActionMask = 2147483647;
			files = (
			);
			runOnlyForDeploymentPostprocessing = 0;
		};
		239C54D52EB7B56E00B49390 /* Frameworks */ = {
			isa = PBXFrameworksBuildPhase;
			buildActionMask = 2147483647;
			files = (
			);
			runOnlyForDeploymentPostprocessing = 0;
		};
		239C54DF2EB7B56E00B49390 /* Frameworks */ = {
			isa = PBXFrameworksBuildPhase;
			buildActionMask = 2147483647;
			files = (
			);
			runOnlyForDeploymentPostprocessing = 0;
		};
/* End PBXFrameworksBuildPhase section */

/* Begin PBXGroup section */
		239C54B92EB7B56A00B49390 = {
			isa = PBXGroup;
			children = (
				239C54C42EB7B56A00B49390 /* Shoppix */,
				239C54DB2EB7B56E00B49390 /* ShoppixTests */,
				239C54E52EB7B56E00B49390 /* ShoppixUITests */,
				239C54C32EB7B56A00B49390 /* Products */,
			);
			sourceTree = "<group>";
		};
		239C54C32EB7B56A00B49390 /* Products */ = {
			isa = PBXGroup;
			children = (
				239C54C22EB7B56A00B49390 /* Shoppix.app */,
				239C54D82EB7B56E00B49390 /* ShoppixTests.xctest */,
				239C54E22EB7B56E00B49390 /* ShoppixUITests.xctest */,
			);
			name = Products;
			sourceTree = "<group>";
		};
		239C54C42EB7B56A00B49390 /* Shoppix */ = {
			isa = PBXGroup;
			children = (
				239C54C52EB7B56A00B49390 /* AppDelegate.swift */,
				239C54C72EB7B56A00B49390 /* SceneDelegate.swift */,
				239C54C92EB7B56A00B49390 /* ViewController.swift */,
				239C54CB2EB7B56A00B49390 /* Main.storyboard */,
				239C54CE2EB7B56D00B49390 /* Assets.xcassets */,
				239C54D02EB7B56D00B49390 /* LaunchScreen.storyboard */,
				239C54D32EB7B56D00B49390 /* Info.plist */,
			);
			path = Shoppix;
			sourceTree = "<group>";
		};
		239C54DB2EB7B56E00B49390 /* ShoppixTests */ = {
			isa = PBXGroup;
			children = (
				239C54DC2EB7B56E00B49390 /* ShoppixTests.swift */,
			);
			path = ShoppixTests;
			sourceTree = "<group>";
		};
		239C54E52EB7B56E00B49390 /* ShoppixUITests */ = {
			isa = PBXGroup;
			children = (
				239C54E62EB7B56E00B49390 /* ShoppixUITests.swift */,
				239C54E82EB7B56E00B49390 /* ShoppixUITestsLaunchTests.swift */,
			);
			path = ShoppixUITests;
			sourceTree = "<group>";
		};
/* End PBXGroup section */

/* Begin PBXNativeTarget section */
		239C54C12EB7B56A00B49390 /* Shoppix */ = {
			isa = PBXNativeTarget;
			buildConfigurationList = 239C54EC2EB7B56E00B49390 /* Build configuration list for PBXNativeTarget "Shoppix" */;
			buildPhases = (
				239C54BE2EB7B56A00B49390 /* Sources */,
				239C54BF2EB7B56A00B49390 /* Frameworks */,
				239C54C02EB7B56A00B49390 /* Resources */,
			);
			buildRules = (
			);
			dependencies = (
			);
			name = Shoppix;
			productName = Shoppix;
			productReference = 239C54C22EB7B56A00B49390 /* Shoppix.app */;
			productType = "com.apple.product-type.application";
		};
		239C54D72EB7B56E00B49390 /* ShoppixTests */ = {
			isa = PBXNativeTarget;
			buildConfigurationList = 239C54EF2EB7B56E00B49390 /* Build configuration list for PBXNativeTarget "ShoppixTests" */;
			buildPhases = (
				239C54D42EB7B56E00B49390 /* Sources */,
				239C54D52EB7B56E00B49390 /* Frameworks */,
				239C54D62EB7B56E00B49390 /* Resources */,
			);
			buildRules = (
			);
			dependencies = (
				239C54DA2EB7B56E00B49390 /* PBXTargetDependency */,
			);
			name = ShoppixTests;
			productName = ShoppixTests;
			productReference = 239C54D82EB7B56E00B49390 /* ShoppixTests.xctest */;
			productType = "com.apple.product-type.bundle.unit-test";
		};
		239C54E12EB7B56E00B49390 /* ShoppixUITests */ = {
			isa = PBXNativeTarget;
			buildConfigurationList = 239C54F22EB7B56E00B49390 /* Build configuration list for PBXNativeTarget "ShoppixUITests" */;
			buildPhases = (
				239C54DE2EB7B56E00B49390 /* Sources */,
				239C54DF2EB7B56E00B49390 /* Frameworks */,
				239C54E02EB7B56E00B49390 /* Resources */,
			);
			buildRules = (
			);
			dependencies = (
				239C54E42EB7B56E00B49390 /* PBXTargetDependency */,
			);
			name = ShoppixUITests;
			productName = ShoppixUITests;
			productReference = 239C54E22EB7B56E00B49390 /* ShoppixUITests.xctest */;
			productType = "com.apple.product-type.bundle.ui-testing";
		};
/* End PBXNativeTarget section */

/* Begin PBXProject section */
		239C54BA2EB7B56A00B49390 /* Project object */ = {
			isa = PBXProject;
			attributes = {
				BuildIndependentTargetsInParallel = 1;
				LastSwiftUpdateCheck = 1520;
				LastUpgradeCheck = 1520;
				TargetAttributes = {
					239C54C12EB7B56A00B49390 = {
						CreatedOnToolsVersion = 15.2;
					};
					239C54D72EB7B56E00B49390 = {
						CreatedOnToolsVersion = 15.2;
						TestTargetID = 239C54C12EB7B56A00B49390;
					};
					239C54E12EB7B56E00B49390 = {
						CreatedOnToolsVersion = 15.2;
						TestTargetID = 239C54C12EB7B56A00B49390;
					};
				};
			};
			buildConfigurationList = 239C54BD2EB7B56A00B49390 /* Build configuration list for PBXProject "Shoppix" */;
			compatibilityVersion = "Xcode 14.0";
			developmentRegion = en;
			hasScannedForEncodings = 0;
			knownRegions = (
				en,
				Base,
			);
			mainGroup = 239C54B92EB7B56A00B49390;
			productRefGroup = 239C54C32EB7B56A00B49390 /* Products */;
			projectDirPath = "";
			projectRoot = "";
			targets = (
				239C54C12EB7B56A00B49390 /* Shoppix */,
				239C54D72EB7B56E00B49390 /* ShoppixTests */,
				239C54E12EB7B56E00B49390 /* ShoppixUITests */,
			);
		};
/* End PBXProject section */

/* Begin PBXResourcesBuildPhase section */
		239C54C02EB7B56A00B49390 /* Resources */ = {
			isa = PBXResourcesBuildPhase;
			buildActionMask = 2147483647;
			files = (
				239C54D22EB7B56D00B49390 /* LaunchScreen.storyboard in Resources */,
				239C54CF2EB7B56D00B49390 /* Assets.xcassets in Resources */,
				239C54CD2EB7B56A00B49390 /* Main.storyboard in Resources */,
			);
			runOnlyForDeploymentPostprocessing = 0;
		};
		239C54D62EB7B56E00B49390 /* Resources */ = {
			isa = PBXResourcesBuildPhase;
			buildActionMask = 2147483647;
			files = (
			);
			runOnlyForDeploymentPostprocessing = 0;
		};
		239C54E02EB7B56E00B49390 /* Resources */ = {
			isa = PBXResourcesBuildPhase;
			buildActionMask = 2147483647;
			files = (
			);
			runOnlyForDeploymentPostprocessing = 0;
		};
/* End PBXResourcesBuildPhase section */

/* Begin PBXSourcesBuildPhase section */
		239C54BE2EB7B56A00B49390 /* Sources */ = {
			isa = PBXSourcesBuildPhase;
			buildActionMask = 2147483647;
			files = (
				239C54CA2EB7B56A00B49390 /* ViewController.swift in Sources */,
				239C54C62EB7B56A00B49390 /* AppDelegate.swift in Sources */,
				239C54C82EB7B56A00B49390 /* SceneDelegate.swift in Sources */,
			);
			runOnlyForDeploymentPostprocessing = 0;
		};
		239C54D42EB7B56E00B49390 /* Sources */ = {
			isa = PBXSourcesBuildPhase;
			buildActionMask = 2147483647;
			files = (
				239C54DD2EB7B56E00B49390 /* ShoppixTests.swift in Sources */,
			);
			runOnlyForDeploymentPostprocessing = 0;
		};
		239C54DE2EB7B56E00B49390 /* Sources */ = {
			isa = PBXSourcesBuildPhase;
			buildActionMask = 2147483647;
			files = (
				239C54E92EB7B56E00B49390 /* ShoppixUITestsLaunchTests.swift in Sources */,
				239C54E72EB7B56E00B49390 /* ShoppixUITests.swift in Sources */,
			);
			runOnlyForDeploymentPostprocessing = 0;
		};
/* End PBXSourcesBuildPhase section */

/* Begin PBXTargetDependency section */
		239C54DA2EB7B56E00B49390 /* PBXTargetDependency */ = {
			isa = PBXTargetDependency;
			target = 239C54C12EB7B56A00B49390 /* Shoppix */;
			targetProxy = 239C54D92EB7B56E00B49390 /* PBXContainerItemProxy */;
		};
		239C54E42EB7B56E00B49390 /* PBXTargetDependency */ = {
			isa = PBXTargetDependency;
			target = 239C54C12EB7B56A00B49390 /* Shoppix */;
			targetProxy = 239C54E32EB7B56E00B49390 /* PBXContainerItemProxy */;
		};
/* End PBXTargetDependency section */

/* Begin PBXVariantGroup section */
		239C54CB2EB7B56A00B49390 /* Main.storyboard */ = {
			isa = PBXVariantGroup;
			children = (
				239C54CC2EB7B56A00B49390 /* Base */,
			);
			name = Main.storyboard;
			sourceTree = "<group>";
		};
		239C54D02EB7B56D00B49390 /* LaunchScreen.storyboard */ = {
			isa = PBXVariantGroup;
			children = (
				239C54D12EB7B56D00B49390 /* Base */,
			);
			name = LaunchScreen.storyboard;
			sourceTree = "<group>";
		};
/* End PBXVariantGroup section */

/* Begin XCBuildConfiguration section */
		239C54EA2EB7B56E00B49390 /* Debug */ = {
			isa = XCBuildConfiguration;
			buildSettings = {
				ALWAYS_SEARCH_USER_PATHS = NO;
				ASSETCATALOG_COMPILER_GENERATE_SWIFT_ASSET_SYMBOL_EXTENSIONS = YES;
				CLANG_ANALYZER_NONNULL = YES;
				CLANG_ANALYZER_NUMBER_OBJECT_CONVERSION = YES_AGGRESSIVE;
				CLANG_CXX_LANGUAGE_STANDARD = "gnu++20";
				CLANG_ENABLE_MODULES = YES;
				CLANG_ENABLE_OBJC_ARC = YES;
				CLANG_ENABLE_OBJC_WEAK = YES;
				CLANG_WARN_BLOCK_CAPTURE_AUTORELEASING = YES;
				CLANG_WARN_BOOL_CONVERSION = YES;
				CLANG_WARN_COMMA = YES;
				CLANG_WARN_CONSTANT_CONVERSION = YES;
				CLANG_WARN_DEPRECATED_OBJC_IMPLEMENTATIONS = YES;
				CLANG_WARN_DIRECT_OBJC_ISA_USAGE = YES_ERROR;
				CLANG_WARN_DOCUMENTATION_COMMENTS = YES;
				CLANG_WARN_EMPTY_BODY = YES;
				CLANG_WARN_ENUM_CONVERSION = YES;
				CLANG_WARN_INFINITE_RECURSION = YES;
				CLANG_WARN_INT_CONVERSION = YES;
				CLANG_WARN_NON_LITERAL_NULL_CONVERSION = YES;
				CLANG_WARN_OBJC_IMPLICIT_RETAIN_SELF = YES;
				CLANG_WARN_OBJC_LITERAL_CONVERSION = YES;
				CLANG_WARN_OBJC_ROOT_CLASS = YES_ERROR;
				CLANG_WARN_QUOTED_INCLUDE_IN_FRAMEWORK_HEADER = YES;
				CLANG_WARN_RANGE_LOOP_ANALYSIS = YES;
				CLANG_WARN_STRICT_PROTOTYPES = YES;
				CLANG_WARN_SUSPICIOUS_MOVE = YES;
				CLANG_WARN_UNGUARDED_AVAILABILITY = YES_AGGRESSIVE;
				CLANG_WARN_UNREACHABLE_CODE = YES;
				CLANG_WARN__DUPLICATE_METHOD_MATCH = YES;
				COPY_PHASE_STRIP = NO;
				DEBUG_INFORMATION_FORMAT = dwarf;
				ENABLE_STRICT_OBJC_MSGSEND = YES;
				ENABLE_TESTABILITY = YES;
				ENABLE_USER_SCRIPT_SANDBOXING = YES;
				GCC_C_LANGUAGE_STANDARD = gnu17;
				GCC_DYNAMIC_NO_PIC = NO;
				GCC_NO_COMMON_BLOCKS = YES;
				GCC_OPTIMIZATION_LEVEL = 0;
				GCC_PREPROCESSOR_DEFINITIONS = (
					"DEBUG=1",
					"$(inherited)",
				);
				GCC_WARN_64_TO_32_BIT_CONVERSION = YES;
				GCC_WARN_ABOUT_RETURN_TYPE = YES_ERROR;
				GCC_WARN_UNDECLARED_SELECTOR = YES;
				GCC_WARN_UNINITIALIZED_AUTOS = YES_AGGRESSIVE;
				GCC_WARN_UNUSED_FUNCTION = YES;
				GCC_WARN_UNUSED_VARIABLE = YES;
				IPHONEOS_DEPLOYMENT_TARGET = 17.2;
				LOCALIZATION_PREFERS_STRING_CATALOGS = YES;
				MTL_ENABLE_DEBUG_INFO = INCLUDE_SOURCE;
				MTL_FAST_MATH = YES;
				ONLY_ACTIVE_ARCH = YES;
				SDKROOT = iphoneos;
				SWIFT_ACTIVE_COMPILATION_CONDITIONS = "DEBUG $(inherited)";
				SWIFT_OPTIMIZATION_LEVEL = "-Onone";
			};
			name = Debug;
		};
		239C54EB2EB7B56E00B49390 /* Release */ = {
			isa = XCBuildConfiguration;
			buildSettings = {
				ALWAYS_SEARCH_USER_PATHS = NO;
				ASSETCATALOG_COMPILER_GENERATE_SWIFT_ASSET_SYMBOL_EXTENSIONS = YES;
				CLANG_ANALYZER_NONNULL = YES;
				CLANG_ANALYZER_NUMBER_OBJECT_CONVERSION = YES_AGGRESSIVE;
				CLANG_CXX_LANGUAGE_STANDARD = "gnu++20";
				CLANG_ENABLE_MODULES = YES;
				CLANG_ENABLE_OBJC_ARC = YES;
				CLANG_ENABLE_OBJC_WEAK = YES;
				CLANG_WARN_BLOCK_CAPTURE_AUTORELEASING = YES;
				CLANG_WARN_BOOL_CONVERSION = YES;
				CLANG_WARN_COMMA = YES;
				CLANG_WARN_CONSTANT_CONVERSION = YES;
				CLANG_WARN_DEPRECATED_OBJC_IMPLEMENTATIONS = YES;
				CLANG_WARN_DIRECT_OBJC_ISA_USAGE = YES_ERROR;
				CLANG_WARN_DOCUMENTATION_COMMENTS = YES;
				CLANG_WARN_EMPTY_BODY = YES;
				CLANG_WARN_ENUM_CONVERSION = YES;
				CLANG_WARN_INFINITE_RECURSION = YES;
				CLANG_WARN_INT_CONVERSION = YES;
				CLANG_WARN_NON_LITERAL_NULL_CONVERSION = YES;
				CLANG_WARN_OBJC_IMPLICIT_RETAIN_SELF = YES;
				CLANG_WARN_OBJC_LITERAL_CONVERSION = YES;
				CLANG_WARN_OBJC_ROOT_CLASS = YES_ERROR;
				CLANG_WARN_QUOTED_INCLUDE_IN_FRAMEWORK_HEADER = YES;
				CLANG_WARN_RANGE_LOOP_ANALYSIS = YES;
				CLANG_WARN_STRICT_PROTOTYPES = YES;
				CLANG_WARN_SUSPICIOUS_MOVE = YES;
				CLANG_WARN_UNGUARDED_AVAILABILITY = YES_AGGRESSIVE;
				CLANG_WARN_UNREACHABLE_CODE = YES;
				CLANG_WARN__DUPLICATE_METHOD_MATCH = YES;
				COPY_PHASE_STRIP = NO;
				DEBUG_INFORMATION_FORMAT = "dwarf-with-dsym";
				ENABLE_NS_ASSERTIONS = NO;
				ENABLE_STRICT_OBJC_MSGSEND = YES;
				ENABLE_USER_SCRIPT_SANDBOXING = YES;
				GCC_C_LANGUAGE_STANDARD = gnu17;
				GCC_NO_COMMON_BLOCKS = YES;
				GCC_WARN_64_TO_32_BIT_CONVERSION = YES;
				GCC_WARN_ABOUT_RETURN_TYPE = YES_ERROR;
				GCC_WARN_UNDECLARED_SELECTOR = YES;
				GCC_WARN_UNINITIALIZED_AUTOS = YES_AGGRESSIVE;
				GCC_WARN_UNUSED_FUNCTION = YES;
				GCC_WARN_UNUSED_VARIABLE = YES;
				IPHONEOS_DEPLOYMENT_TARGET = 17.2;
				LOCALIZATION_PREFERS_STRING_CATALOGS = YES;
				MTL_ENABLE_DEBUG_INFO = NO;
				MTL_FAST_MATH = YES;
				SDKROOT = iphoneos;
				SWIFT_COMPILATION_MODE = wholemodule;
				VALIDATE_PRODUCT = YES;
			};
			name = Release;
		};
		239C54ED2EB7B56E00B49390 /* Debug */ = {
			isa = XCBuildConfiguration;
			buildSettings = {
				ASSETCATALOG_COMPILER_APPICON_NAME = AppIcon;
				ASSETCATALOG_COMPILER_GLOBAL_ACCENT_COLOR_NAME = AccentColor;
				CODE_SIGN_STYLE = Automatic;
				CURRENT_PROJECT_VERSION = 1;
				DEVELOPMENT_TEAM = XVLPQWJFN2;
				GENERATE_INFOPLIST_FILE = YES;
				INFOPLIST_FILE = Shoppix/Info.plist;
				INFOPLIST_KEY_UIApplicationSupportsIndirectInputEvents = YES;
				INFOPLIST_KEY_UILaunchStoryboardName = LaunchScreen;
				INFOPLIST_KEY_UIMainStoryboardFile = Main;
				INFOPLIST_KEY_UISupportedInterfaceOrientations_iPad = "UIInterfaceOrientationPortrait UIInterfaceOrientationPortraitUpsideDown UIInterfaceOrientationLandscapeLeft UIInterfaceOrientationLandscapeRight";
				INFOPLIST_KEY_UISupportedInterfaceOrientations_iPhone = "UIInterfaceOrientationPortrait UIInterfaceOrientationLandscapeLeft UIInterfaceOrientationLandscapeRight";
				LD_RUNPATH_SEARCH_PATHS = (
					"$(inherited)",
					"@executable_path/Frameworks",
				);
				MARKETING_VERSION = 1.0;
				PRODUCT_BUNDLE_IDENTIFIER = iTi.Shoppix;
				PRODUCT_NAME = "$(TARGET_NAME)";
				SWIFT_EMIT_LOC_STRINGS = YES;
				SWIFT_VERSION = 5.0;
				TARGETED_DEVICE_FAMILY = "1,2";
			};
			name = Debug;
		};
		239C54EE2EB7B56E00B49390 /* Release */ = {
			isa = XCBuildConfiguration;
			buildSettings = {
				ASSETCATALOG_COMPILER_APPICON_NAME = AppIcon;
				ASSETCATALOG_COMPILER_GLOBAL_ACCENT_COLOR_NAME = AccentColor;
				CODE_SIGN_STYLE = Automatic;
				CURRENT_PROJECT_VERSION = 1;
				DEVELOPMENT_TEAM = XVLPQWJFN2;
				GENERATE_INFOPLIST_FILE = YES;
				INFOPLIST_FILE = Shoppix/Info.plist;
				INFOPLIST_KEY_UIApplicationSupportsIndirectInputEvents = YES;
				INFOPLIST_KEY_UILaunchStoryboardName = LaunchScreen;
				INFOPLIST_KEY_UIMainStoryboardFile = Main;
				INFOPLIST_KEY_UISupportedInterfaceOrientations_iPad = "UIInterfaceOrientationPortrait UIInterfaceOrientationPortraitUpsideDown UIInterfaceOrientationLandscapeLeft UIInterfaceOrientationLandscapeRight";
				INFOPLIST_KEY_UISupportedInterfaceOrientations_iPhone = "UIInterfaceOrientationPortrait UIInterfaceOrientationLandscapeLeft UIInterfaceOrientationLandscapeRight";
				LD_RUNPATH_SEARCH_PATHS = (
					"$(inherited)",
					"@executable_path/Frameworks",
				);
				MARKETING_VERSION = 1.0;
				PRODUCT_BUNDLE_IDENTIFIER = iTi.Shoppix;
				PRODUCT_NAME = "$(TARGET_NAME)";
				SWIFT_EMIT_LOC_STRINGS = YES;
				SWIFT_VERSION = 5.0;
				TARGETED_DEVICE_FAMILY = "1,2";
			};
			name = Release;
		};
		239C54F02EB7B56E00B49390 /* Debug */ = {
			isa = XCBuildConfiguration;
			buildSettings = {
				ALWAYS_EMBED_SWIFT_STANDARD_LIBRARIES = YES;
				BUNDLE_LOADER = "$(TEST_HOST)";
				CODE_SIGN_STYLE = Automatic;
				CURRENT_PROJECT_VERSION = 1;
				DEVELOPMENT_TEAM = XVLPQWJFN2;
				GENERATE_INFOPLIST_FILE = YES;
				IPHONEOS_DEPLOYMENT_TARGET = 17.2;
				MARKETING_VERSION = 1.0;
				PRODUCT_BUNDLE_IDENTIFIER = iTi.ShoppixTests;
				PRODUCT_NAME = "$(TARGET_NAME)";
				SWIFT_EMIT_LOC_STRINGS = NO;
				SWIFT_VERSION = 5.0;
				TARGETED_DEVICE_FAMILY = "1,2";
				TEST_HOST = "$(BUILT_PRODUCTS_DIR)/Shoppix.app/$(BUNDLE_EXECUTABLE_FOLDER_PATH)/Shoppix";
			};
			name = Debug;
		};
		239C54F12EB7B56E00B49390 /* Release */ = {
			isa = XCBuildConfiguration;
			buildSettings = {
				ALWAYS_EMBED_SWIFT_STANDARD_LIBRARIES = YES;
				BUNDLE_LOADER = "$(TEST_HOST)";
				CODE_SIGN_STYLE = Automatic;
				CURRENT_PROJECT_VERSION = 1;
				DEVELOPMENT_TEAM = XVLPQWJFN2;
				GENERATE_INFOPLIST_FILE = YES;
				IPHONEOS_DEPLOYMENT_TARGET = 17.2;
				MARKETING_VERSION = 1.0;
				PRODUCT_BUNDLE_IDENTIFIER = iTi.ShoppixTests;
				PRODUCT_NAME = "$(TARGET_NAME)";
				SWIFT_EMIT_LOC_STRINGS = NO;
				SWIFT_VERSION = 5.0;
				TARGETED_DEVICE_FAMILY = "1,2";
				TEST_HOST = "$(BUILT_PRODUCTS_DIR)/Shoppix.app/$(BUNDLE_EXECUTABLE_FOLDER_PATH)/Shoppix";
			};
			name = Release;
		};
		239C54F32EB7B56E00B49390 /* Debug */ = {
			isa = XCBuildConfiguration;
			buildSettings = {
				ALWAYS_EMBED_SWIFT_STANDARD_LIBRARIES = YES;
				CODE_SIGN_STYLE = Automatic;
				CURRENT_PROJECT_VERSION = 1;
				DEVELOPMENT_TEAM = XVLPQWJFN2;
				GENERATE_INFOPLIST_FILE = YES;
				MARKETING_VERSION = 1.0;
				PRODUCT_BUNDLE_IDENTIFIER = iTi.ShoppixUITests;
				PRODUCT_NAME = "$(TARGET_NAME)";
				SWIFT_EMIT_LOC_STRINGS = NO;
				SWIFT_VERSION = 5.0;
				TARGETED_DEVICE_FAMILY = "1,2";
				TEST_TARGET_NAME = Shoppix;
			};
			name = Debug;
		};
		239C54F42EB7B56E00B49390 /* Release */ = {
			isa = XCBuildConfiguration;
			buildSettings = {
				ALWAYS_EMBED_SWIFT_STANDARD_LIBRARIES = YES;
				CODE_SIGN_STYLE = Automatic;
				CURRENT_PROJECT_VERSION = 1;
				DEVELOPMENT_TEAM = XVLPQWJFN2;
				GENERATE_INFOPLIST_FILE = YES;
				MARKETING_VERSION = 1.0;
				PRODUCT_BUNDLE_IDENTIFIER = iTi.ShoppixUITests;
				PRODUCT_NAME = "$(TARGET_NAME)";
				SWIFT_EMIT_LOC_STRINGS = NO;
				SWIFT_VERSION = 5.0;
				TARGETED_DEVICE_FAMILY = "1,2";
				TEST_TARGET_NAME = Shoppix;
			};
			name = Release;
		};
/* End XCBuildConfiguration section */

/* Begin XCConfigurationList section */
		239C54BD2EB7B56A00B49390 /* Build configuration list for PBXProject "Shoppix" */ = {
			isa = XCConfigurationList;
			buildConfigurations = (
				239C54EA2EB7B56E00B49390 /* Debug */,
				239C54EB2EB7B56E00B49390 /* Release */,
			);
			defaultConfigurationIsVisible = 0;
			defaultConfigurationName = Release;
		};
		239C54EC2EB7B56E00B49390 /* Build configuration list for PBXNativeTarget "Shoppix" */ = {
			isa = XCConfigurationList;
			buildConfigurations = (
				239C54ED2EB7B56E00B49390 /* Debug */,
				239C54EE2EB7B56E00B49390 /* Release */,
			);
			defaultConfigurationIsVisible = 0;
			defaultConfigurationName = Release;
		};
		239C54EF2EB7B56E00B49390 /* Build configuration list for PBXNativeTarget "ShoppixTests" */ = {
			isa = XCConfigurationList;
			buildConfigurations = (
				239C54F02EB7B56E00B49390 /* Debug */,
				239C54F12EB7B56E00B49390 /* Release */,
			);
			defaultConfigurationIsVisible = 0;
			defaultConfigurationName = Release;
		};
		239C54F22EB7B56E00B49390 /* Build configuration list for PBXNativeTarget "ShoppixUITests" */ = {
			isa = XCConfigurationList;
			buildConfigurations = (
				239C54F32EB7B56E00B49390 /* Debug */,
				239C54F42EB7B56E00B49390 /* Release */,
			);
			defaultConfigurationIsVisible = 0;
			defaultConfigurationName = Release;
		};
/* End XCConfigurationList section */
	};
	rootObject = 239C54BA2EB7B56A00B49390 /* Project object */;
}
