{
  "originHash" : "0519fb37c855c64dccfc603dd5302483e0275d28cc6af73fa457f26399004718",
  "pins" : [
    {
      "identity" : "rxswift",
      "kind" : "remoteSourceControl",
      "location" : "https://github.com/ReactiveX/RxSwift",
      "state" : {
        "revision" : "5004a18539bd68905c5939aa893075f578f4f03d",
        "version" : "6.9.1"
      }
    },
    {
      "identity" : "sdwebimage",
      "kind" : "remoteSourceControl",
      "location" : "https://github.com/SDWebImage/SDWebImage",
      "state" : {
        "revision" : "d6367439527663d2038ca445a3c3c4e4bac40d60",
        "version" : "5.12.0"
      }
    }
  ],
  "version" : 3
}
